
Microsoft Visual Studio Solution File, Format Version 12.00
# Visual Studio Version 17
VisualStudioVersion = 17.8.34212.112
MinimumVisualStudioVersion = 10.0.40219.1
Project("{8BC9CEB8-8B4A-11D0-8D11-00A0C91BC942}") = "DeviceController.Runner", "Runner\DeviceController.vcxproj", "{0D33CA40-25AA-4581-B299-D21C942884A6}"
EndProject
Project("{2150E333-8FDC-42A3-9474-1A3956D46DE8}") = "0 Solution Items", "0 Solution Items", "{EAC5CE38-363A-463E-9928-38D4CA550EE4}"
	ProjectSection(SolutionItems) = preProject
		.editorconfig = .editorconfig
		ExecuteCleanUp.cmd = ExecuteCleanUp.cmd
	EndProjectSection
EndProject
Project("{2150E333-8FDC-42A3-9474-1A3956D46DE8}") = "2 Domain", "2 Domain", "{66926163-B6FA-4BF7-953E-87AA2AC51EB5}"
EndProject
Project("{2150E333-8FDC-42A3-9474-1A3956D46DE8}") = "4 Application", "4 Application", "{A403B179-917A-4F25-847C-F7DB231F8135}"
EndProject
Project("{2150E333-8FDC-42A3-9474-1A3956D46DE8}") = "1 Common", "1 Common", "{FC7E1416-569D-497F-8520-144F5DF0978C}"
EndProject
Project("{8BC9CEB8-8B4A-11D0-8D11-00A0C91BC942}") = "Common", "Common\Common.vcxproj", "{04747DDD-8DE1-407F-BBE6-F571B4D64E5F}"
EndProject
Project("{8BC9CEB8-8B4A-11D0-8D11-00A0C91BC942}") = "DeviceController.Domain", "Domain\DeviceController.Domain.vcxproj", "{290E227D-8542-4B05-BCB8-2CFA3A1DFC42}"
EndProject
Project("{2150E333-8FDC-42A3-9474-1A3956D46DE8}") = "3 Infrastructure", "3 Infrastructure", "{96FBA437-BD34-49F4-AF99-F3DD1598F4E6}"
EndProject
Project("{8BC9CEB8-8B4A-11D0-8D11-00A0C91BC942}") = "DeviceController.Connection", "Connection\DeviceController.Connection.vcxproj", "{C82E8DBC-A6FA-4C87-AB66-1A78C8FF399B}"
EndProject
Project("{8BC9CEB8-8B4A-11D0-8D11-00A0C91BC942}") = "DeviceController.DataAccess", "DataAccess\DeviceController.DataAccess.vcxproj", "{10BC0CA5-C2AA-49BD-8DEC-D1D521ADB764}"
EndProject
Project("{8BC9CEB8-8B4A-11D0-8D11-00A0C91BC942}") = "DeviceController.SensorReader", "SensorReader\DeviceController.SensorReader.vcxproj", "{CAAA318C-CA1A-4537-AD85-664DE3EFB827}"
EndProject
Project("{8BC9CEB8-8B4A-11D0-8D11-00A0C91BC942}") = "Common.UnitTests", "CommonUnitTests\CommonUnitTests.vcxproj", "{2D59A4D1-D47C-446E-9E30-88A85EAEE23D}"
EndProject
Project("{2150E333-8FDC-42A3-9474-1A3956D46DE8}") = "Solution Items", "Solution Items", "{0AACBB79-6CEA-4228-85D5-09DC106BC6B5}"
EndProject
Global
	GlobalSection(SolutionConfigurationPlatforms) = preSolution
		Debug|ARM = Debug|ARM
		Debug|ARM64 = Debug|ARM64
		Debug|x64 = Debug|x64
		Debug|x86 = Debug|x86
		Release|ARM = Release|ARM
		Release|ARM64 = Release|ARM64
		Release|x64 = Release|x64
		Release|x86 = Release|x86
	EndGlobalSection
	GlobalSection(ProjectConfigurationPlatforms) = postSolution
		{0D33CA40-25AA-4581-B299-D21C942884A6}.Debug|ARM.ActiveCfg = Debug|ARM64
		{0D33CA40-25AA-4581-B299-D21C942884A6}.Debug|ARM.Build.0 = Debug|ARM64
		{0D33CA40-25AA-4581-B299-D21C942884A6}.Debug|ARM.Deploy.0 = Debug|ARM64
		{0D33CA40-25AA-4581-B299-D21C942884A6}.Debug|ARM64.ActiveCfg = Debug|ARM64
		{0D33CA40-25AA-4581-B299-D21C942884A6}.Debug|ARM64.Build.0 = Debug|ARM64
		{0D33CA40-25AA-4581-B299-D21C942884A6}.Debug|ARM64.Deploy.0 = Debug|ARM64
		{0D33CA40-25AA-4581-B299-D21C942884A6}.Debug|x64.ActiveCfg = Debug|ARM
		{0D33CA40-25AA-4581-B299-D21C942884A6}.Debug|x64.Build.0 = Debug|ARM
		{0D33CA40-25AA-4581-B299-D21C942884A6}.Debug|x64.Deploy.0 = Debug|ARM
		{0D33CA40-25AA-4581-B299-D21C942884A6}.Debug|x86.ActiveCfg = Debug|ARM
		{0D33CA40-25AA-4581-B299-D21C942884A6}.Debug|x86.Build.0 = Debug|ARM
		{0D33CA40-25AA-4581-B299-D21C942884A6}.Debug|x86.Deploy.0 = Debug|ARM
		{0D33CA40-25AA-4581-B299-D21C942884A6}.Release|ARM.ActiveCfg = Release|ARM
		{0D33CA40-25AA-4581-B299-D21C942884A6}.Release|ARM.Build.0 = Release|ARM
		{0D33CA40-25AA-4581-B299-D21C942884A6}.Release|ARM.Deploy.0 = Release|ARM
		{0D33CA40-25AA-4581-B299-D21C942884A6}.Release|ARM64.ActiveCfg = Release|ARM64
		{0D33CA40-25AA-4581-B299-D21C942884A6}.Release|ARM64.Build.0 = Release|ARM64
		{0D33CA40-25AA-4581-B299-D21C942884A6}.Release|ARM64.Deploy.0 = Release|ARM64
		{0D33CA40-25AA-4581-B299-D21C942884A6}.Release|x64.ActiveCfg = Release|ARM
		{0D33CA40-25AA-4581-B299-D21C942884A6}.Release|x64.Build.0 = Release|ARM
		{0D33CA40-25AA-4581-B299-D21C942884A6}.Release|x64.Deploy.0 = Release|ARM
		{0D33CA40-25AA-4581-B299-D21C942884A6}.Release|x86.ActiveCfg = Release|ARM
		{0D33CA40-25AA-4581-B299-D21C942884A6}.Release|x86.Build.0 = Release|ARM
		{0D33CA40-25AA-4581-B299-D21C942884A6}.Release|x86.Deploy.0 = Release|ARM
		{04747DDD-8DE1-407F-BBE6-F571B4D64E5F}.Debug|ARM.ActiveCfg = Debug|ARM64
		{04747DDD-8DE1-407F-BBE6-F571B4D64E5F}.Debug|ARM.Build.0 = Debug|ARM64
		{04747DDD-8DE1-407F-BBE6-F571B4D64E5F}.Debug|ARM.Deploy.0 = Debug|ARM64
		{04747DDD-8DE1-407F-BBE6-F571B4D64E5F}.Debug|ARM64.ActiveCfg = Debug|ARM64
		{04747DDD-8DE1-407F-BBE6-F571B4D64E5F}.Debug|ARM64.Build.0 = Debug|ARM64
		{04747DDD-8DE1-407F-BBE6-F571B4D64E5F}.Debug|ARM64.Deploy.0 = Debug|ARM64
		{04747DDD-8DE1-407F-BBE6-F571B4D64E5F}.Debug|x64.ActiveCfg = Debug|ARM
		{04747DDD-8DE1-407F-BBE6-F571B4D64E5F}.Debug|x64.Build.0 = Debug|ARM
		{04747DDD-8DE1-407F-BBE6-F571B4D64E5F}.Debug|x64.Deploy.0 = Debug|ARM
		{04747DDD-8DE1-407F-BBE6-F571B4D64E5F}.Debug|x86.ActiveCfg = Debug|ARM
		{04747DDD-8DE1-407F-BBE6-F571B4D64E5F}.Debug|x86.Build.0 = Debug|ARM
		{04747DDD-8DE1-407F-BBE6-F571B4D64E5F}.Debug|x86.Deploy.0 = Debug|ARM
		{04747DDD-8DE1-407F-BBE6-F571B4D64E5F}.Release|ARM.ActiveCfg = Release|ARM
		{04747DDD-8DE1-407F-BBE6-F571B4D64E5F}.Release|ARM.Build.0 = Release|ARM
		{04747DDD-8DE1-407F-BBE6-F571B4D64E5F}.Release|ARM.Deploy.0 = Release|ARM
		{04747DDD-8DE1-407F-BBE6-F571B4D64E5F}.Release|ARM64.ActiveCfg = Release|ARM64
		{04747DDD-8DE1-407F-BBE6-F571B4D64E5F}.Release|ARM64.Build.0 = Release|ARM64
		{04747DDD-8DE1-407F-BBE6-F571B4D64E5F}.Release|ARM64.Deploy.0 = Release|ARM64
		{04747DDD-8DE1-407F-BBE6-F571B4D64E5F}.Release|x64.ActiveCfg = Release|ARM
		{04747DDD-8DE1-407F-BBE6-F571B4D64E5F}.Release|x64.Build.0 = Release|ARM
		{04747DDD-8DE1-407F-BBE6-F571B4D64E5F}.Release|x64.Deploy.0 = Release|ARM
		{04747DDD-8DE1-407F-BBE6-F571B4D64E5F}.Release|x86.ActiveCfg = Release|ARM
		{04747DDD-8DE1-407F-BBE6-F571B4D64E5F}.Release|x86.Build.0 = Release|ARM
		{04747DDD-8DE1-407F-BBE6-F571B4D64E5F}.Release|x86.Deploy.0 = Release|ARM
		{290E227D-8542-4B05-BCB8-2CFA3A1DFC42}.Debug|ARM.ActiveCfg = Debug|ARM64
		{290E227D-8542-4B05-BCB8-2CFA3A1DFC42}.Debug|ARM.Build.0 = Debug|ARM64
		{290E227D-8542-4B05-BCB8-2CFA3A1DFC42}.Debug|ARM.Deploy.0 = Debug|ARM64
		{290E227D-8542-4B05-BCB8-2CFA3A1DFC42}.Debug|ARM64.ActiveCfg = Debug|ARM64
		{290E227D-8542-4B05-BCB8-2CFA3A1DFC42}.Debug|ARM64.Build.0 = Debug|ARM64
		{290E227D-8542-4B05-BCB8-2CFA3A1DFC42}.Debug|ARM64.Deploy.0 = Debug|ARM64
		{290E227D-8542-4B05-BCB8-2CFA3A1DFC42}.Debug|x64.ActiveCfg = Debug|ARM
		{290E227D-8542-4B05-BCB8-2CFA3A1DFC42}.Debug|x64.Build.0 = Debug|ARM
		{290E227D-8542-4B05-BCB8-2CFA3A1DFC42}.Debug|x64.Deploy.0 = Debug|ARM
		{290E227D-8542-4B05-BCB8-2CFA3A1DFC42}.Debug|x86.ActiveCfg = Debug|ARM
		{290E227D-8542-4B05-BCB8-2CFA3A1DFC42}.Debug|x86.Build.0 = Debug|ARM
		{290E227D-8542-4B05-BCB8-2CFA3A1DFC42}.Debug|x86.Deploy.0 = Debug|ARM
		{290E227D-8542-4B05-BCB8-2CFA3A1DFC42}.Release|ARM.ActiveCfg = Release|ARM
		{290E227D-8542-4B05-BCB8-2CFA3A1DFC42}.Release|ARM.Build.0 = Release|ARM
		{290E227D-8542-4B05-BCB8-2CFA3A1DFC42}.Release|ARM.Deploy.0 = Release|ARM
		{290E227D-8542-4B05-BCB8-2CFA3A1DFC42}.Release|ARM64.ActiveCfg = Release|ARM64
		{290E227D-8542-4B05-BCB8-2CFA3A1DFC42}.Release|ARM64.Build.0 = Release|ARM64
		{290E227D-8542-4B05-BCB8-2CFA3A1DFC42}.Release|ARM64.Deploy.0 = Release|ARM64
		{290E227D-8542-4B05-BCB8-2CFA3A1DFC42}.Release|x64.ActiveCfg = Release|ARM
		{290E227D-8542-4B05-BCB8-2CFA3A1DFC42}.Release|x64.Build.0 = Release|ARM
		{290E227D-8542-4B05-BCB8-2CFA3A1DFC42}.Release|x64.Deploy.0 = Release|ARM
		{290E227D-8542-4B05-BCB8-2CFA3A1DFC42}.Release|x86.ActiveCfg = Release|ARM
		{290E227D-8542-4B05-BCB8-2CFA3A1DFC42}.Release|x86.Build.0 = Release|ARM
		{290E227D-8542-4B05-BCB8-2CFA3A1DFC42}.Release|x86.Deploy.0 = Release|ARM
		{C82E8DBC-A6FA-4C87-AB66-1A78C8FF399B}.Debug|ARM.ActiveCfg = Debug|ARM
		{C82E8DBC-A6FA-4C87-AB66-1A78C8FF399B}.Debug|ARM.Build.0 = Debug|ARM
		{C82E8DBC-A6FA-4C87-AB66-1A78C8FF399B}.Debug|ARM.Deploy.0 = Debug|ARM
		{C82E8DBC-A6FA-4C87-AB66-1A78C8FF399B}.Debug|ARM64.ActiveCfg = Debug|ARM64
		{C82E8DBC-A6FA-4C87-AB66-1A78C8FF399B}.Debug|ARM64.Build.0 = Debug|ARM64
		{C82E8DBC-A6FA-4C87-AB66-1A78C8FF399B}.Debug|ARM64.Deploy.0 = Debug|ARM64
		{C82E8DBC-A6FA-4C87-AB66-1A78C8FF399B}.Debug|x64.ActiveCfg = Debug|ARM
		{C82E8DBC-A6FA-4C87-AB66-1A78C8FF399B}.Debug|x64.Build.0 = Debug|ARM
		{C82E8DBC-A6FA-4C87-AB66-1A78C8FF399B}.Debug|x64.Deploy.0 = Debug|ARM
		{C82E8DBC-A6FA-4C87-AB66-1A78C8FF399B}.Debug|x86.ActiveCfg = Debug|ARM
		{C82E8DBC-A6FA-4C87-AB66-1A78C8FF399B}.Debug|x86.Build.0 = Debug|ARM
		{C82E8DBC-A6FA-4C87-AB66-1A78C8FF399B}.Debug|x86.Deploy.0 = Debug|ARM
		{C82E8DBC-A6FA-4C87-AB66-1A78C8FF399B}.Release|ARM.ActiveCfg = Release|ARM
		{C82E8DBC-A6FA-4C87-AB66-1A78C8FF399B}.Release|ARM.Build.0 = Release|ARM
		{C82E8DBC-A6FA-4C87-AB66-1A78C8FF399B}.Release|ARM.Deploy.0 = Release|ARM
		{C82E8DBC-A6FA-4C87-AB66-1A78C8FF399B}.Release|ARM64.ActiveCfg = Release|ARM64
		{C82E8DBC-A6FA-4C87-AB66-1A78C8FF399B}.Release|ARM64.Build.0 = Release|ARM64
		{C82E8DBC-A6FA-4C87-AB66-1A78C8FF399B}.Release|ARM64.Deploy.0 = Release|ARM64
		{C82E8DBC-A6FA-4C87-AB66-1A78C8FF399B}.Release|x64.ActiveCfg = Release|ARM
		{C82E8DBC-A6FA-4C87-AB66-1A78C8FF399B}.Release|x64.Build.0 = Release|ARM
		{C82E8DBC-A6FA-4C87-AB66-1A78C8FF399B}.Release|x64.Deploy.0 = Release|ARM
		{C82E8DBC-A6FA-4C87-AB66-1A78C8FF399B}.Release|x86.ActiveCfg = Release|ARM
		{C82E8DBC-A6FA-4C87-AB66-1A78C8FF399B}.Release|x86.Build.0 = Release|ARM
		{C82E8DBC-A6FA-4C87-AB66-1A78C8FF399B}.Release|x86.Deploy.0 = Release|ARM
		{10BC0CA5-C2AA-49BD-8DEC-D1D521ADB764}.Debug|ARM.ActiveCfg = Debug|ARM
		{10BC0CA5-C2AA-49BD-8DEC-D1D521ADB764}.Debug|ARM.Build.0 = Debug|ARM
		{10BC0CA5-C2AA-49BD-8DEC-D1D521ADB764}.Debug|ARM.Deploy.0 = Debug|ARM
		{10BC0CA5-C2AA-49BD-8DEC-D1D521ADB764}.Debug|ARM64.ActiveCfg = Debug|ARM64
		{10BC0CA5-C2AA-49BD-8DEC-D1D521ADB764}.Debug|ARM64.Build.0 = Debug|ARM64
		{10BC0CA5-C2AA-49BD-8DEC-D1D521ADB764}.Debug|ARM64.Deploy.0 = Debug|ARM64
		{10BC0CA5-C2AA-49BD-8DEC-D1D521ADB764}.Debug|x64.ActiveCfg = Debug|ARM
		{10BC0CA5-C2AA-49BD-8DEC-D1D521ADB764}.Debug|x64.Build.0 = Debug|ARM
		{10BC0CA5-C2AA-49BD-8DEC-D1D521ADB764}.Debug|x64.Deploy.0 = Debug|ARM
		{10BC0CA5-C2AA-49BD-8DEC-D1D521ADB764}.Debug|x86.ActiveCfg = Debug|ARM
		{10BC0CA5-C2AA-49BD-8DEC-D1D521ADB764}.Debug|x86.Build.0 = Debug|ARM
		{10BC0CA5-C2AA-49BD-8DEC-D1D521ADB764}.Debug|x86.Deploy.0 = Debug|ARM
		{10BC0CA5-C2AA-49BD-8DEC-D1D521ADB764}.Release|ARM.ActiveCfg = Release|ARM
		{10BC0CA5-C2AA-49BD-8DEC-D1D521ADB764}.Release|ARM.Build.0 = Release|ARM
		{10BC0CA5-C2AA-49BD-8DEC-D1D521ADB764}.Release|ARM.Deploy.0 = Release|ARM
		{10BC0CA5-C2AA-49BD-8DEC-D1D521ADB764}.Release|ARM64.ActiveCfg = Release|ARM64
		{10BC0CA5-C2AA-49BD-8DEC-D1D521ADB764}.Release|ARM64.Build.0 = Release|ARM64
		{10BC0CA5-C2AA-49BD-8DEC-D1D521ADB764}.Release|ARM64.Deploy.0 = Release|ARM64
		{10BC0CA5-C2AA-49BD-8DEC-D1D521ADB764}.Release|x64.ActiveCfg = Release|ARM
		{10BC0CA5-C2AA-49BD-8DEC-D1D521ADB764}.Release|x64.Build.0 = Release|ARM
		{10BC0CA5-C2AA-49BD-8DEC-D1D521ADB764}.Release|x64.Deploy.0 = Release|ARM
		{10BC0CA5-C2AA-49BD-8DEC-D1D521ADB764}.Release|x86.ActiveCfg = Release|ARM
		{10BC0CA5-C2AA-49BD-8DEC-D1D521ADB764}.Release|x86.Build.0 = Release|ARM
		{10BC0CA5-C2AA-49BD-8DEC-D1D521ADB764}.Release|x86.Deploy.0 = Release|ARM
		{CAAA318C-CA1A-4537-AD85-664DE3EFB827}.Debug|ARM.ActiveCfg = Debug|ARM
		{CAAA318C-CA1A-4537-AD85-664DE3EFB827}.Debug|ARM.Build.0 = Debug|ARM
		{CAAA318C-CA1A-4537-AD85-664DE3EFB827}.Debug|ARM.Deploy.0 = Debug|ARM
		{CAAA318C-CA1A-4537-AD85-664DE3EFB827}.Debug|ARM64.ActiveCfg = Debug|ARM64
		{CAAA318C-CA1A-4537-AD85-664DE3EFB827}.Debug|ARM64.Build.0 = Debug|ARM64
		{CAAA318C-CA1A-4537-AD85-664DE3EFB827}.Debug|ARM64.Deploy.0 = Debug|ARM64
		{CAAA318C-CA1A-4537-AD85-664DE3EFB827}.Debug|x64.ActiveCfg = Debug|ARM
		{CAAA318C-CA1A-4537-AD85-664DE3EFB827}.Debug|x64.Build.0 = Debug|ARM
		{CAAA318C-CA1A-4537-AD85-664DE3EFB827}.Debug|x64.Deploy.0 = Debug|ARM
		{CAAA318C-CA1A-4537-AD85-664DE3EFB827}.Debug|x86.ActiveCfg = Debug|ARM
		{CAAA318C-CA1A-4537-AD85-664DE3EFB827}.Debug|x86.Build.0 = Debug|ARM
		{CAAA318C-CA1A-4537-AD85-664DE3EFB827}.Debug|x86.Deploy.0 = Debug|ARM
		{CAAA318C-CA1A-4537-AD85-664DE3EFB827}.Release|ARM.ActiveCfg = Release|ARM
		{CAAA318C-CA1A-4537-AD85-664DE3EFB827}.Release|ARM.Build.0 = Release|ARM
		{CAAA318C-CA1A-4537-AD85-664DE3EFB827}.Release|ARM.Deploy.0 = Release|ARM
		{CAAA318C-CA1A-4537-AD85-664DE3EFB827}.Release|ARM64.ActiveCfg = Release|ARM64
		{CAAA318C-CA1A-4537-AD85-664DE3EFB827}.Release|ARM64.Build.0 = Release|ARM64
		{CAAA318C-CA1A-4537-AD85-664DE3EFB827}.Release|ARM64.Deploy.0 = Release|ARM64
		{CAAA318C-CA1A-4537-AD85-664DE3EFB827}.Release|x64.ActiveCfg = Release|ARM
		{CAAA318C-CA1A-4537-AD85-664DE3EFB827}.Release|x64.Build.0 = Release|ARM
		{CAAA318C-CA1A-4537-AD85-664DE3EFB827}.Release|x64.Deploy.0 = Release|ARM
		{CAAA318C-CA1A-4537-AD85-664DE3EFB827}.Release|x86.ActiveCfg = Release|ARM
		{CAAA318C-CA1A-4537-AD85-664DE3EFB827}.Release|x86.Build.0 = Release|ARM
		{CAAA318C-CA1A-4537-AD85-664DE3EFB827}.Release|x86.Deploy.0 = Release|ARM
		{2D59A4D1-D47C-446E-9E30-88A85EAEE23D}.Debug|ARM.ActiveCfg = Debug|ARM
		{2D59A4D1-D47C-446E-9E30-88A85EAEE23D}.Debug|ARM.Build.0 = Debug|ARM
		{2D59A4D1-D47C-446E-9E30-88A85EAEE23D}.Debug|ARM.Deploy.0 = Debug|ARM
		{2D59A4D1-D47C-446E-9E30-88A85EAEE23D}.Debug|ARM64.ActiveCfg = Debug|ARM64
		{2D59A4D1-D47C-446E-9E30-88A85EAEE23D}.Debug|ARM64.Build.0 = Debug|ARM64
		{2D59A4D1-D47C-446E-9E30-88A85EAEE23D}.Debug|ARM64.Deploy.0 = Debug|ARM64
		{2D59A4D1-D47C-446E-9E30-88A85EAEE23D}.Debug|x64.ActiveCfg = Debug|ARM
		{2D59A4D1-D47C-446E-9E30-88A85EAEE23D}.Debug|x64.Build.0 = Debug|ARM
		{2D59A4D1-D47C-446E-9E30-88A85EAEE23D}.Debug|x64.Deploy.0 = Debug|ARM
		{2D59A4D1-D47C-446E-9E30-88A85EAEE23D}.Debug|x86.ActiveCfg = Debug|ARM
		{2D59A4D1-D47C-446E-9E30-88A85EAEE23D}.Debug|x86.Build.0 = Debug|ARM
		{2D59A4D1-D47C-446E-9E30-88A85EAEE23D}.Debug|x86.Deploy.0 = Debug|ARM
		{2D59A4D1-D47C-446E-9E30-88A85EAEE23D}.Release|ARM.ActiveCfg = Release|ARM
		{2D59A4D1-D47C-446E-9E30-88A85EAEE23D}.Release|ARM.Build.0 = Release|ARM
		{2D59A4D1-D47C-446E-9E30-88A85EAEE23D}.Release|ARM.Deploy.0 = Release|ARM
		{2D59A4D1-D47C-446E-9E30-88A85EAEE23D}.Release|ARM64.ActiveCfg = Release|ARM64
		{2D59A4D1-D47C-446E-9E30-88A85EAEE23D}.Release|ARM64.Build.0 = Release|ARM64
		{2D59A4D1-D47C-446E-9E30-88A85EAEE23D}.Release|ARM64.Deploy.0 = Release|ARM64
		{2D59A4D1-D47C-446E-9E30-88A85EAEE23D}.Release|x64.ActiveCfg = Release|ARM
		{2D59A4D1-D47C-446E-9E30-88A85EAEE23D}.Release|x64.Build.0 = Release|ARM
		{2D59A4D1-D47C-446E-9E30-88A85EAEE23D}.Release|x64.Deploy.0 = Release|ARM
		{2D59A4D1-D47C-446E-9E30-88A85EAEE23D}.Release|x86.ActiveCfg = Release|ARM
		{2D59A4D1-D47C-446E-9E30-88A85EAEE23D}.Release|x86.Build.0 = Release|ARM
		{2D59A4D1-D47C-446E-9E30-88A85EAEE23D}.Release|x86.Deploy.0 = Release|ARM
	EndGlobalSection
	GlobalSection(SolutionProperties) = preSolution
		HideSolutionNode = FALSE
	EndGlobalSection
	GlobalSection(NestedProjects) = preSolution
		{0D33CA40-25AA-4581-B299-D21C942884A6} = {A403B179-917A-4F25-847C-F7DB231F8135}
		{04747DDD-8DE1-407F-BBE6-F571B4D64E5F} = {FC7E1416-569D-497F-8520-144F5DF0978C}
		{290E227D-8542-4B05-BCB8-2CFA3A1DFC42} = {66926163-B6FA-4BF7-953E-87AA2AC51EB5}
		{C82E8DBC-A6FA-4C87-AB66-1A78C8FF399B} = {96FBA437-BD34-49F4-AF99-F3DD1598F4E6}
		{10BC0CA5-C2AA-49BD-8DEC-D1D521ADB764} = {96FBA437-BD34-49F4-AF99-F3DD1598F4E6}
		{CAAA318C-CA1A-4537-AD85-664DE3EFB827} = {96FBA437-BD34-49F4-AF99-F3DD1598F4E6}
		{2D59A4D1-D47C-446E-9E30-88A85EAEE23D} = {FC7E1416-569D-497F-8520-144F5DF0978C}
	EndGlobalSection
	GlobalSection(ExtensibilityGlobals) = postSolution
		SolutionGuid = {9840E3BC-678A-4ACD-820A-80AB1A2BAC6D}
	EndGlobalSection
EndGlobal
