
Microsoft Visual Studio Solution File, Format Version 12.00
# Visual Studio Version 17
VisualStudioVersion = 17.8.34205.153
MinimumVisualStudioVersion = 10.0.40219.1
Project("{2150E333-8FDC-42A3-9474-1A3956D46DE8}") = "0 Solution Items", "0 Solution Items", "{73090D2C-2AA4-46EE-9C99-2D2E5E49D3E9}"
	ProjectSection(SolutionItems) = preProject
		..\Infrastructure\DeviceController\Dockerfile = ..\Infrastructure\DeviceController\Dockerfile
		testenvironments.json = testenvironments.json
	EndProjectSection
EndProject
Project("{2150E333-8FDC-42A3-9474-1A3956D46DE8}") = "1 Device Controller", "1 Device Controller", "{96F895FF-813E-469F-834D-3249281F8C6B}"
EndProject
Project("{2150E333-8FDC-42A3-9474-1A3956D46DE8}") = "2 Local Hub", "2 Local Hub", "{F563B1A2-1ED5-410D-B0F9-2F370BB17925}"
EndProject
Project("{8BC9CEB8-8B4A-11D0-8D11-00A0C91BC942}") = "DeviceController", "DeviceContoller\Controller\DeviceController.vcxproj", "{0D33CA40-25AA-4581-B299-D21C942884A6}"
EndProject
Project("{2150E333-8FDC-42A3-9474-1A3956D46DE8}") = "3 Remote Service", "3 Remote Service", "{9B57B696-FF77-4C0D-9555-44315BF0D990}"
EndProject
Project("{9A19103F-16F7-4668-BE54-9A1E7A4F7556}") = "LocalHub.Client.UnitTests", "LocalHub\ClientUnitTests\LocalHub.Client.UnitTests.csproj", "{A86F4262-A4B8-404C-9052-41E1C4E082D3}"
EndProject
Project("{2150E333-8FDC-42A3-9474-1A3956D46DE8}") = "3 Api", "3 Api", "{1A395BCB-AF06-4D65-9CB9-C45BB04E1F74}"
EndProject
Project("{2150E333-8FDC-42A3-9474-1A3956D46DE8}") = "2 DataAccess", "2 DataAccess", "{E75CE908-A038-494A-B319-2E91669273CF}"
EndProject
Project("{54A90642-561A-4BB1-A94E-469ADEE60C69}") = "LocalHub.Client", "LocalHub\Client\LocalHub.Client.esproj", "{29E9C41D-4F57-431C-B557-6E54F5D6766D}"
EndProject
Project("{8BC9CEB8-8B4A-11D0-8D11-00A0C91BC942}") = "Controller.Domain", "DeviceContoller\ControllerDomain\ControllerDomain.vcxitems", "{E82885BF-A6A6-4F84-ABA8-1ED233ED926C}"
EndProject
Project("{8BC9CEB8-8B4A-11D0-8D11-00A0C91BC942}") = "DeviceController.UnitTests", "DeviceContoller\ControllerUnitTests\DeviceController.UnitTests.vcxproj", "{6BD90C13-2D5D-4967-807B-00924980BE2F}"
EndProject
Project("{2150E333-8FDC-42A3-9474-1A3956D46DE8}") = "0 Common", "0 Common", "{689B3678-F62A-4A30-8F4A-CF4DE2618993}"
EndProject
Project("{9A19103F-16F7-4668-BE54-9A1E7A4F7556}") = "Common", "RemoteService\Common\Common.csproj", "{360B25E2-AEFC-4BFA-9109-F66059BD232C}"
EndProject
Project("{9A19103F-16F7-4668-BE54-9A1E7A4F7556}") = "Common.TestUtilities", "RemoteService\Common.TestUtilities\Common.TestUtilities.csproj", "{AFDEAF31-78E5-46E2-9D91-6B834F1EE097}"
EndProject
Project("{9A19103F-16F7-4668-BE54-9A1E7A4F7556}") = "Common.UnitTests", "RemoteService\Common.UnitTests\Common.UnitTests.csproj", "{39736E39-DED3-4260-8455-F2269AFCB2EC}"
EndProject
Project("{2150E333-8FDC-42A3-9474-1A3956D46DE8}") = "1 Domain", "1 Domain", "{01D495BE-C6A9-47A7-AEF3-06F329522592}"
EndProject
Project("{9A19103F-16F7-4668-BE54-9A1E7A4F7556}") = "Domain", "RemoteService\Domain\Domain.csproj", "{FF854B2A-6E36-4FF2-852E-A56490859A95}"
EndProject
Project("{9A19103F-16F7-4668-BE54-9A1E7A4F7556}") = "Domain.UnitTests", "RemoteService\Domain.UnitTests\Domain.UnitTests.csproj", "{5FCA1A15-865D-4503-8CB7-1BA4DE53A769}"
EndProject
Project("{9A19103F-16F7-4668-BE54-9A1E7A4F7556}") = "Api", "RemoteService\Api\Api.csproj", "{0BEDAEC7-9967-4102-8CFC-14B2D2ABEFAF}"
EndProject
Project("{9A19103F-16F7-4668-BE54-9A1E7A4F7556}") = "Api.UnitTests", "RemoteService\Api.UnitTests\Api.UnitTests.csproj", "{89E4C16D-5C38-45B0-8BD1-71C3A228BF22}"
EndProject
Project("{9A19103F-16F7-4668-BE54-9A1E7A4F7556}") = "Api.IntegrationTests", "RemoteService\Api.IntegrationTests\Api.IntegrationTests.csproj", "{DC31D5D5-4597-47BB-8BDE-9614305CD2F5}"
EndProject
Project("{9A19103F-16F7-4668-BE54-9A1E7A4F7556}") = "DataAccess", "RemoteService\DataAccess\DataAccess.csproj", "{287DE3F3-3D6B-44F8-99F4-FA72EAFF416D}"
EndProject
Project("{9A19103F-16F7-4668-BE54-9A1E7A4F7556}") = "DataAccess.UnitTests", "RemoteService\DataAccess.UnitTests\DataAccess.UnitTests.csproj", "{E10A2FBE-7F1A-454B-AC9D-1D6446C32D16}"
EndProject
Global
	GlobalSection(SolutionConfigurationPlatforms) = preSolution
		Debug|Any CPU = Debug|Any CPU
		Debug|ARM = Debug|ARM
		Debug|ARM64 = Debug|ARM64
		Debug|x64 = Debug|x64
		Debug|x86 = Debug|x86
		Release|Any CPU = Release|Any CPU
		Release|ARM = Release|ARM
		Release|ARM64 = Release|ARM64
		Release|x64 = Release|x64
		Release|x86 = Release|x86
	EndGlobalSection
	GlobalSection(ProjectConfigurationPlatforms) = postSolution
		{0D33CA40-25AA-4581-B299-D21C942884A6}.Debug|Any CPU.ActiveCfg = Debug|ARM64
		{0D33CA40-25AA-4581-B299-D21C942884A6}.Debug|Any CPU.Build.0 = Debug|ARM64
		{0D33CA40-25AA-4581-B299-D21C942884A6}.Debug|Any CPU.Deploy.0 = Debug|ARM64
		{0D33CA40-25AA-4581-B299-D21C942884A6}.Debug|ARM.ActiveCfg = Debug|ARM64
		{0D33CA40-25AA-4581-B299-D21C942884A6}.Debug|ARM.Build.0 = Debug|ARM64
		{0D33CA40-25AA-4581-B299-D21C942884A6}.Debug|ARM64.ActiveCfg = Debug|ARM64
		{0D33CA40-25AA-4581-B299-D21C942884A6}.Debug|ARM64.Build.0 = Debug|ARM64
		{0D33CA40-25AA-4581-B299-D21C942884A6}.Debug|ARM64.Deploy.0 = Debug|ARM64
		{0D33CA40-25AA-4581-B299-D21C942884A6}.Debug|x64.ActiveCfg = Debug|ARM64
		{0D33CA40-25AA-4581-B299-D21C942884A6}.Debug|x64.Build.0 = Debug|ARM64
		{0D33CA40-25AA-4581-B299-D21C942884A6}.Debug|x86.ActiveCfg = Debug|ARM64
		{0D33CA40-25AA-4581-B299-D21C942884A6}.Debug|x86.Build.0 = Debug|ARM64
		{0D33CA40-25AA-4581-B299-D21C942884A6}.Release|Any CPU.ActiveCfg = Release|ARM64
		{0D33CA40-25AA-4581-B299-D21C942884A6}.Release|Any CPU.Build.0 = Release|ARM64
		{0D33CA40-25AA-4581-B299-D21C942884A6}.Release|Any CPU.Deploy.0 = Release|ARM64
		{0D33CA40-25AA-4581-B299-D21C942884A6}.Release|ARM.ActiveCfg = Release|ARM64
		{0D33CA40-25AA-4581-B299-D21C942884A6}.Release|ARM.Build.0 = Release|ARM64
		{0D33CA40-25AA-4581-B299-D21C942884A6}.Release|ARM64.ActiveCfg = Release|ARM64
		{0D33CA40-25AA-4581-B299-D21C942884A6}.Release|ARM64.Build.0 = Release|ARM64
		{0D33CA40-25AA-4581-B299-D21C942884A6}.Release|ARM64.Deploy.0 = Release|ARM64
		{0D33CA40-25AA-4581-B299-D21C942884A6}.Release|x64.ActiveCfg = Release|ARM64
		{0D33CA40-25AA-4581-B299-D21C942884A6}.Release|x64.Build.0 = Release|ARM64
		{0D33CA40-25AA-4581-B299-D21C942884A6}.Release|x86.ActiveCfg = Release|ARM64
		{0D33CA40-25AA-4581-B299-D21C942884A6}.Release|x86.Build.0 = Release|ARM64
		{A86F4262-A4B8-404C-9052-41E1C4E082D3}.Debug|Any CPU.ActiveCfg = Debug|Any CPU
		{A86F4262-A4B8-404C-9052-41E1C4E082D3}.Debug|Any CPU.Build.0 = Debug|Any CPU
		{A86F4262-A4B8-404C-9052-41E1C4E082D3}.Debug|ARM.ActiveCfg = Debug|Any CPU
		{A86F4262-A4B8-404C-9052-41E1C4E082D3}.Debug|ARM.Build.0 = Debug|Any CPU
		{A86F4262-A4B8-404C-9052-41E1C4E082D3}.Debug|ARM64.ActiveCfg = Debug|Any CPU
		{A86F4262-A4B8-404C-9052-41E1C4E082D3}.Debug|ARM64.Build.0 = Debug|Any CPU
		{A86F4262-A4B8-404C-9052-41E1C4E082D3}.Debug|x64.ActiveCfg = Debug|Any CPU
		{A86F4262-A4B8-404C-9052-41E1C4E082D3}.Debug|x64.Build.0 = Debug|Any CPU
		{A86F4262-A4B8-404C-9052-41E1C4E082D3}.Debug|x86.ActiveCfg = Debug|Any CPU
		{A86F4262-A4B8-404C-9052-41E1C4E082D3}.Debug|x86.Build.0 = Debug|Any CPU
		{A86F4262-A4B8-404C-9052-41E1C4E082D3}.Release|Any CPU.ActiveCfg = Release|Any CPU
		{A86F4262-A4B8-404C-9052-41E1C4E082D3}.Release|Any CPU.Build.0 = Release|Any CPU
		{A86F4262-A4B8-404C-9052-41E1C4E082D3}.Release|ARM.ActiveCfg = Release|Any CPU
		{A86F4262-A4B8-404C-9052-41E1C4E082D3}.Release|ARM.Build.0 = Release|Any CPU
		{A86F4262-A4B8-404C-9052-41E1C4E082D3}.Release|ARM64.ActiveCfg = Release|Any CPU
		{A86F4262-A4B8-404C-9052-41E1C4E082D3}.Release|ARM64.Build.0 = Release|Any CPU
		{A86F4262-A4B8-404C-9052-41E1C4E082D3}.Release|x64.ActiveCfg = Release|Any CPU
		{A86F4262-A4B8-404C-9052-41E1C4E082D3}.Release|x64.Build.0 = Release|Any CPU
		{A86F4262-A4B8-404C-9052-41E1C4E082D3}.Release|x86.ActiveCfg = Release|Any CPU
		{A86F4262-A4B8-404C-9052-41E1C4E082D3}.Release|x86.Build.0 = Release|Any CPU
		{29E9C41D-4F57-431C-B557-6E54F5D6766D}.Debug|Any CPU.ActiveCfg = Debug|Any CPU
		{29E9C41D-4F57-431C-B557-6E54F5D6766D}.Debug|Any CPU.Build.0 = Debug|Any CPU
		{29E9C41D-4F57-431C-B557-6E54F5D6766D}.Debug|Any CPU.Deploy.0 = Debug|Any CPU
		{29E9C41D-4F57-431C-B557-6E54F5D6766D}.Debug|ARM.ActiveCfg = Debug|Any CPU
		{29E9C41D-4F57-431C-B557-6E54F5D6766D}.Debug|ARM.Build.0 = Debug|Any CPU
		{29E9C41D-4F57-431C-B557-6E54F5D6766D}.Debug|ARM.Deploy.0 = Debug|Any CPU
		{29E9C41D-4F57-431C-B557-6E54F5D6766D}.Debug|ARM64.ActiveCfg = Debug|Any CPU
		{29E9C41D-4F57-431C-B557-6E54F5D6766D}.Debug|ARM64.Build.0 = Debug|Any CPU
		{29E9C41D-4F57-431C-B557-6E54F5D6766D}.Debug|ARM64.Deploy.0 = Debug|Any CPU
		{29E9C41D-4F57-431C-B557-6E54F5D6766D}.Debug|x64.ActiveCfg = Debug|Any CPU
		{29E9C41D-4F57-431C-B557-6E54F5D6766D}.Debug|x64.Build.0 = Debug|Any CPU
		{29E9C41D-4F57-431C-B557-6E54F5D6766D}.Debug|x64.Deploy.0 = Debug|Any CPU
		{29E9C41D-4F57-431C-B557-6E54F5D6766D}.Debug|x86.ActiveCfg = Debug|Any CPU
		{29E9C41D-4F57-431C-B557-6E54F5D6766D}.Debug|x86.Build.0 = Debug|Any CPU
		{29E9C41D-4F57-431C-B557-6E54F5D6766D}.Debug|x86.Deploy.0 = Debug|Any CPU
		{29E9C41D-4F57-431C-B557-6E54F5D6766D}.Release|Any CPU.ActiveCfg = Release|Any CPU
		{29E9C41D-4F57-431C-B557-6E54F5D6766D}.Release|Any CPU.Build.0 = Release|Any CPU
		{29E9C41D-4F57-431C-B557-6E54F5D6766D}.Release|Any CPU.Deploy.0 = Release|Any CPU
		{29E9C41D-4F57-431C-B557-6E54F5D6766D}.Release|ARM.ActiveCfg = Release|Any CPU
		{29E9C41D-4F57-431C-B557-6E54F5D6766D}.Release|ARM.Build.0 = Release|Any CPU
		{29E9C41D-4F57-431C-B557-6E54F5D6766D}.Release|ARM.Deploy.0 = Release|Any CPU
		{29E9C41D-4F57-431C-B557-6E54F5D6766D}.Release|ARM64.ActiveCfg = Release|Any CPU
		{29E9C41D-4F57-431C-B557-6E54F5D6766D}.Release|ARM64.Build.0 = Release|Any CPU
		{29E9C41D-4F57-431C-B557-6E54F5D6766D}.Release|ARM64.Deploy.0 = Release|Any CPU
		{29E9C41D-4F57-431C-B557-6E54F5D6766D}.Release|x64.ActiveCfg = Release|Any CPU
		{29E9C41D-4F57-431C-B557-6E54F5D6766D}.Release|x64.Build.0 = Release|Any CPU
		{29E9C41D-4F57-431C-B557-6E54F5D6766D}.Release|x64.Deploy.0 = Release|Any CPU
		{29E9C41D-4F57-431C-B557-6E54F5D6766D}.Release|x86.ActiveCfg = Release|Any CPU
		{29E9C41D-4F57-431C-B557-6E54F5D6766D}.Release|x86.Build.0 = Release|Any CPU
		{29E9C41D-4F57-431C-B557-6E54F5D6766D}.Release|x86.Deploy.0 = Release|Any CPU
		{6BD90C13-2D5D-4967-807B-00924980BE2F}.Debug|Any CPU.ActiveCfg = Debug|ARM64
		{6BD90C13-2D5D-4967-807B-00924980BE2F}.Debug|Any CPU.Build.0 = Debug|ARM64
		{6BD90C13-2D5D-4967-807B-00924980BE2F}.Debug|ARM.ActiveCfg = Debug|ARM
		{6BD90C13-2D5D-4967-807B-00924980BE2F}.Debug|ARM.Build.0 = Debug|ARM
		{6BD90C13-2D5D-4967-807B-00924980BE2F}.Debug|ARM.Deploy.0 = Debug|ARM
		{6BD90C13-2D5D-4967-807B-00924980BE2F}.Debug|ARM64.ActiveCfg = Debug|ARM64
		{6BD90C13-2D5D-4967-807B-00924980BE2F}.Debug|ARM64.Build.0 = Debug|ARM64
		{6BD90C13-2D5D-4967-807B-00924980BE2F}.Debug|ARM64.Deploy.0 = Debug|ARM64
		{6BD90C13-2D5D-4967-807B-00924980BE2F}.Debug|x64.ActiveCfg = Debug|ARM
		{6BD90C13-2D5D-4967-807B-00924980BE2F}.Debug|x64.Build.0 = Debug|ARM
		{6BD90C13-2D5D-4967-807B-00924980BE2F}.Debug|x64.Deploy.0 = Debug|ARM
		{6BD90C13-2D5D-4967-807B-00924980BE2F}.Debug|x86.ActiveCfg = Debug|ARM
		{6BD90C13-2D5D-4967-807B-00924980BE2F}.Debug|x86.Build.0 = Debug|ARM
		{6BD90C13-2D5D-4967-807B-00924980BE2F}.Debug|x86.Deploy.0 = Debug|ARM
		{6BD90C13-2D5D-4967-807B-00924980BE2F}.Release|Any CPU.ActiveCfg = Release|ARM
		{6BD90C13-2D5D-4967-807B-00924980BE2F}.Release|Any CPU.Build.0 = Release|ARM
		{6BD90C13-2D5D-4967-807B-00924980BE2F}.Release|Any CPU.Deploy.0 = Release|ARM
		{6BD90C13-2D5D-4967-807B-00924980BE2F}.Release|ARM.ActiveCfg = Release|ARM
		{6BD90C13-2D5D-4967-807B-00924980BE2F}.Release|ARM.Build.0 = Release|ARM
		{6BD90C13-2D5D-4967-807B-00924980BE2F}.Release|ARM.Deploy.0 = Release|ARM
		{6BD90C13-2D5D-4967-807B-00924980BE2F}.Release|ARM64.ActiveCfg = Release|ARM64
		{6BD90C13-2D5D-4967-807B-00924980BE2F}.Release|ARM64.Build.0 = Release|ARM64
		{6BD90C13-2D5D-4967-807B-00924980BE2F}.Release|ARM64.Deploy.0 = Release|ARM64
		{6BD90C13-2D5D-4967-807B-00924980BE2F}.Release|x64.ActiveCfg = Release|ARM
		{6BD90C13-2D5D-4967-807B-00924980BE2F}.Release|x64.Build.0 = Release|ARM
		{6BD90C13-2D5D-4967-807B-00924980BE2F}.Release|x64.Deploy.0 = Release|ARM
		{6BD90C13-2D5D-4967-807B-00924980BE2F}.Release|x86.ActiveCfg = Release|ARM
		{6BD90C13-2D5D-4967-807B-00924980BE2F}.Release|x86.Build.0 = Release|ARM
		{6BD90C13-2D5D-4967-807B-00924980BE2F}.Release|x86.Deploy.0 = Release|ARM
		{360B25E2-AEFC-4BFA-9109-F66059BD232C}.Debug|Any CPU.ActiveCfg = Debug|Any CPU
		{360B25E2-AEFC-4BFA-9109-F66059BD232C}.Debug|Any CPU.Build.0 = Debug|Any CPU
		{360B25E2-AEFC-4BFA-9109-F66059BD232C}.Debug|ARM.ActiveCfg = Debug|Any CPU
		{360B25E2-AEFC-4BFA-9109-F66059BD232C}.Debug|ARM.Build.0 = Debug|Any CPU
		{360B25E2-AEFC-4BFA-9109-F66059BD232C}.Debug|ARM64.ActiveCfg = Debug|Any CPU
		{360B25E2-AEFC-4BFA-9109-F66059BD232C}.Debug|ARM64.Build.0 = Debug|Any CPU
		{360B25E2-AEFC-4BFA-9109-F66059BD232C}.Debug|x64.ActiveCfg = Debug|Any CPU
		{360B25E2-AEFC-4BFA-9109-F66059BD232C}.Debug|x64.Build.0 = Debug|Any CPU
		{360B25E2-AEFC-4BFA-9109-F66059BD232C}.Debug|x86.ActiveCfg = Debug|Any CPU
		{360B25E2-AEFC-4BFA-9109-F66059BD232C}.Debug|x86.Build.0 = Debug|Any CPU
		{360B25E2-AEFC-4BFA-9109-F66059BD232C}.Release|Any CPU.ActiveCfg = Release|Any CPU
		{360B25E2-AEFC-4BFA-9109-F66059BD232C}.Release|Any CPU.Build.0 = Release|Any CPU
		{360B25E2-AEFC-4BFA-9109-F66059BD232C}.Release|ARM.ActiveCfg = Release|Any CPU
		{360B25E2-AEFC-4BFA-9109-F66059BD232C}.Release|ARM.Build.0 = Release|Any CPU
		{360B25E2-AEFC-4BFA-9109-F66059BD232C}.Release|ARM64.ActiveCfg = Release|Any CPU
		{360B25E2-AEFC-4BFA-9109-F66059BD232C}.Release|ARM64.Build.0 = Release|Any CPU
		{360B25E2-AEFC-4BFA-9109-F66059BD232C}.Release|x64.ActiveCfg = Release|Any CPU
		{360B25E2-AEFC-4BFA-9109-F66059BD232C}.Release|x64.Build.0 = Release|Any CPU
		{360B25E2-AEFC-4BFA-9109-F66059BD232C}.Release|x86.ActiveCfg = Release|Any CPU
		{360B25E2-AEFC-4BFA-9109-F66059BD232C}.Release|x86.Build.0 = Release|Any CPU
		{AFDEAF31-78E5-46E2-9D91-6B834F1EE097}.Debug|Any CPU.ActiveCfg = Debug|Any CPU
		{AFDEAF31-78E5-46E2-9D91-6B834F1EE097}.Debug|Any CPU.Build.0 = Debug|Any CPU
		{AFDEAF31-78E5-46E2-9D91-6B834F1EE097}.Debug|ARM.ActiveCfg = Debug|Any CPU
		{AFDEAF31-78E5-46E2-9D91-6B834F1EE097}.Debug|ARM.Build.0 = Debug|Any CPU
		{AFDEAF31-78E5-46E2-9D91-6B834F1EE097}.Debug|ARM64.ActiveCfg = Debug|Any CPU
		{AFDEAF31-78E5-46E2-9D91-6B834F1EE097}.Debug|ARM64.Build.0 = Debug|Any CPU
		{AFDEAF31-78E5-46E2-9D91-6B834F1EE097}.Debug|x64.ActiveCfg = Debug|Any CPU
		{AFDEAF31-78E5-46E2-9D91-6B834F1EE097}.Debug|x64.Build.0 = Debug|Any CPU
		{AFDEAF31-78E5-46E2-9D91-6B834F1EE097}.Debug|x86.ActiveCfg = Debug|Any CPU
		{AFDEAF31-78E5-46E2-9D91-6B834F1EE097}.Debug|x86.Build.0 = Debug|Any CPU
		{AFDEAF31-78E5-46E2-9D91-6B834F1EE097}.Release|Any CPU.ActiveCfg = Release|Any CPU
		{AFDEAF31-78E5-46E2-9D91-6B834F1EE097}.Release|Any CPU.Build.0 = Release|Any CPU
		{AFDEAF31-78E5-46E2-9D91-6B834F1EE097}.Release|ARM.ActiveCfg = Release|Any CPU
		{AFDEAF31-78E5-46E2-9D91-6B834F1EE097}.Release|ARM.Build.0 = Release|Any CPU
		{AFDEAF31-78E5-46E2-9D91-6B834F1EE097}.Release|ARM64.ActiveCfg = Release|Any CPU
		{AFDEAF31-78E5-46E2-9D91-6B834F1EE097}.Release|ARM64.Build.0 = Release|Any CPU
		{AFDEAF31-78E5-46E2-9D91-6B834F1EE097}.Release|x64.ActiveCfg = Release|Any CPU
		{AFDEAF31-78E5-46E2-9D91-6B834F1EE097}.Release|x64.Build.0 = Release|Any CPU
		{AFDEAF31-78E5-46E2-9D91-6B834F1EE097}.Release|x86.ActiveCfg = Release|Any CPU
		{AFDEAF31-78E5-46E2-9D91-6B834F1EE097}.Release|x86.Build.0 = Release|Any CPU
		{39736E39-DED3-4260-8455-F2269AFCB2EC}.Debug|Any CPU.ActiveCfg = Debug|Any CPU
		{39736E39-DED3-4260-8455-F2269AFCB2EC}.Debug|Any CPU.Build.0 = Debug|Any CPU
		{39736E39-DED3-4260-8455-F2269AFCB2EC}.Debug|ARM.ActiveCfg = Debug|Any CPU
		{39736E39-DED3-4260-8455-F2269AFCB2EC}.Debug|ARM.Build.0 = Debug|Any CPU
		{39736E39-DED3-4260-8455-F2269AFCB2EC}.Debug|ARM64.ActiveCfg = Debug|Any CPU
		{39736E39-DED3-4260-8455-F2269AFCB2EC}.Debug|ARM64.Build.0 = Debug|Any CPU
		{39736E39-DED3-4260-8455-F2269AFCB2EC}.Debug|x64.ActiveCfg = Debug|Any CPU
		{39736E39-DED3-4260-8455-F2269AFCB2EC}.Debug|x64.Build.0 = Debug|Any CPU
		{39736E39-DED3-4260-8455-F2269AFCB2EC}.Debug|x86.ActiveCfg = Debug|Any CPU
		{39736E39-DED3-4260-8455-F2269AFCB2EC}.Debug|x86.Build.0 = Debug|Any CPU
		{39736E39-DED3-4260-8455-F2269AFCB2EC}.Release|Any CPU.ActiveCfg = Release|Any CPU
		{39736E39-DED3-4260-8455-F2269AFCB2EC}.Release|Any CPU.Build.0 = Release|Any CPU
		{39736E39-DED3-4260-8455-F2269AFCB2EC}.Release|ARM.ActiveCfg = Release|Any CPU
		{39736E39-DED3-4260-8455-F2269AFCB2EC}.Release|ARM.Build.0 = Release|Any CPU
		{39736E39-DED3-4260-8455-F2269AFCB2EC}.Release|ARM64.ActiveCfg = Release|Any CPU
		{39736E39-DED3-4260-8455-F2269AFCB2EC}.Release|ARM64.Build.0 = Release|Any CPU
		{39736E39-DED3-4260-8455-F2269AFCB2EC}.Release|x64.ActiveCfg = Release|Any CPU
		{39736E39-DED3-4260-8455-F2269AFCB2EC}.Release|x64.Build.0 = Release|Any CPU
		{39736E39-DED3-4260-8455-F2269AFCB2EC}.Release|x86.ActiveCfg = Release|Any CPU
		{39736E39-DED3-4260-8455-F2269AFCB2EC}.Release|x86.Build.0 = Release|Any CPU
		{FF854B2A-6E36-4FF2-852E-A56490859A95}.Debug|Any CPU.ActiveCfg = Debug|Any CPU
		{FF854B2A-6E36-4FF2-852E-A56490859A95}.Debug|Any CPU.Build.0 = Debug|Any CPU
		{FF854B2A-6E36-4FF2-852E-A56490859A95}.Debug|ARM.ActiveCfg = Debug|Any CPU
		{FF854B2A-6E36-4FF2-852E-A56490859A95}.Debug|ARM.Build.0 = Debug|Any CPU
		{FF854B2A-6E36-4FF2-852E-A56490859A95}.Debug|ARM64.ActiveCfg = Debug|Any CPU
		{FF854B2A-6E36-4FF2-852E-A56490859A95}.Debug|ARM64.Build.0 = Debug|Any CPU
		{FF854B2A-6E36-4FF2-852E-A56490859A95}.Debug|x64.ActiveCfg = Debug|Any CPU
		{FF854B2A-6E36-4FF2-852E-A56490859A95}.Debug|x64.Build.0 = Debug|Any CPU
		{FF854B2A-6E36-4FF2-852E-A56490859A95}.Debug|x86.ActiveCfg = Debug|Any CPU
		{FF854B2A-6E36-4FF2-852E-A56490859A95}.Debug|x86.Build.0 = Debug|Any CPU
		{FF854B2A-6E36-4FF2-852E-A56490859A95}.Release|Any CPU.ActiveCfg = Release|Any CPU
		{FF854B2A-6E36-4FF2-852E-A56490859A95}.Release|Any CPU.Build.0 = Release|Any CPU
		{FF854B2A-6E36-4FF2-852E-A56490859A95}.Release|ARM.ActiveCfg = Release|Any CPU
		{FF854B2A-6E36-4FF2-852E-A56490859A95}.Release|ARM.Build.0 = Release|Any CPU
		{FF854B2A-6E36-4FF2-852E-A56490859A95}.Release|ARM64.ActiveCfg = Release|Any CPU
		{FF854B2A-6E36-4FF2-852E-A56490859A95}.Release|ARM64.Build.0 = Release|Any CPU
		{FF854B2A-6E36-4FF2-852E-A56490859A95}.Release|x64.ActiveCfg = Release|Any CPU
		{FF854B2A-6E36-4FF2-852E-A56490859A95}.Release|x64.Build.0 = Release|Any CPU
		{FF854B2A-6E36-4FF2-852E-A56490859A95}.Release|x86.ActiveCfg = Release|Any CPU
		{FF854B2A-6E36-4FF2-852E-A56490859A95}.Release|x86.Build.0 = Release|Any CPU
		{5FCA1A15-865D-4503-8CB7-1BA4DE53A769}.Debug|Any CPU.ActiveCfg = Debug|Any CPU
		{5FCA1A15-865D-4503-8CB7-1BA4DE53A769}.Debug|Any CPU.Build.0 = Debug|Any CPU
		{5FCA1A15-865D-4503-8CB7-1BA4DE53A769}.Debug|ARM.ActiveCfg = Debug|Any CPU
		{5FCA1A15-865D-4503-8CB7-1BA4DE53A769}.Debug|ARM.Build.0 = Debug|Any CPU
		{5FCA1A15-865D-4503-8CB7-1BA4DE53A769}.Debug|ARM64.ActiveCfg = Debug|Any CPU
		{5FCA1A15-865D-4503-8CB7-1BA4DE53A769}.Debug|ARM64.Build.0 = Debug|Any CPU
		{5FCA1A15-865D-4503-8CB7-1BA4DE53A769}.Debug|x64.ActiveCfg = Debug|Any CPU
		{5FCA1A15-865D-4503-8CB7-1BA4DE53A769}.Debug|x64.Build.0 = Debug|Any CPU
		{5FCA1A15-865D-4503-8CB7-1BA4DE53A769}.Debug|x86.ActiveCfg = Debug|Any CPU
		{5FCA1A15-865D-4503-8CB7-1BA4DE53A769}.Debug|x86.Build.0 = Debug|Any CPU
		{5FCA1A15-865D-4503-8CB7-1BA4DE53A769}.Release|Any CPU.ActiveCfg = Release|Any CPU
		{5FCA1A15-865D-4503-8CB7-1BA4DE53A769}.Release|Any CPU.Build.0 = Release|Any CPU
		{5FCA1A15-865D-4503-8CB7-1BA4DE53A769}.Release|ARM.ActiveCfg = Release|Any CPU
		{5FCA1A15-865D-4503-8CB7-1BA4DE53A769}.Release|ARM.Build.0 = Release|Any CPU
		{5FCA1A15-865D-4503-8CB7-1BA4DE53A769}.Release|ARM64.ActiveCfg = Release|Any CPU
		{5FCA1A15-865D-4503-8CB7-1BA4DE53A769}.Release|ARM64.Build.0 = Release|Any CPU
		{5FCA1A15-865D-4503-8CB7-1BA4DE53A769}.Release|x64.ActiveCfg = Release|Any CPU
		{5FCA1A15-865D-4503-8CB7-1BA4DE53A769}.Release|x64.Build.0 = Release|Any CPU
		{5FCA1A15-865D-4503-8CB7-1BA4DE53A769}.Release|x86.ActiveCfg = Release|Any CPU
		{5FCA1A15-865D-4503-8CB7-1BA4DE53A769}.Release|x86.Build.0 = Release|Any CPU
		{0BEDAEC7-9967-4102-8CFC-14B2D2ABEFAF}.Debug|Any CPU.ActiveCfg = Debug|Any CPU
		{0BEDAEC7-9967-4102-8CFC-14B2D2ABEFAF}.Debug|Any CPU.Build.0 = Debug|Any CPU
		{0BEDAEC7-9967-4102-8CFC-14B2D2ABEFAF}.Debug|ARM.ActiveCfg = Debug|Any CPU
		{0BEDAEC7-9967-4102-8CFC-14B2D2ABEFAF}.Debug|ARM.Build.0 = Debug|Any CPU
		{0BEDAEC7-9967-4102-8CFC-14B2D2ABEFAF}.Debug|ARM64.ActiveCfg = Debug|Any CPU
		{0BEDAEC7-9967-4102-8CFC-14B2D2ABEFAF}.Debug|ARM64.Build.0 = Debug|Any CPU
		{0BEDAEC7-9967-4102-8CFC-14B2D2ABEFAF}.Debug|x64.ActiveCfg = Debug|Any CPU
		{0BEDAEC7-9967-4102-8CFC-14B2D2ABEFAF}.Debug|x64.Build.0 = Debug|Any CPU
		{0BEDAEC7-9967-4102-8CFC-14B2D2ABEFAF}.Debug|x86.ActiveCfg = Debug|Any CPU
		{0BEDAEC7-9967-4102-8CFC-14B2D2ABEFAF}.Debug|x86.Build.0 = Debug|Any CPU
		{0BEDAEC7-9967-4102-8CFC-14B2D2ABEFAF}.Release|Any CPU.ActiveCfg = Release|Any CPU
		{0BEDAEC7-9967-4102-8CFC-14B2D2ABEFAF}.Release|Any CPU.Build.0 = Release|Any CPU
		{0BEDAEC7-9967-4102-8CFC-14B2D2ABEFAF}.Release|ARM.ActiveCfg = Release|Any CPU
		{0BEDAEC7-9967-4102-8CFC-14B2D2ABEFAF}.Release|ARM.Build.0 = Release|Any CPU
		{0BEDAEC7-9967-4102-8CFC-14B2D2ABEFAF}.Release|ARM64.ActiveCfg = Release|Any CPU
		{0BEDAEC7-9967-4102-8CFC-14B2D2ABEFAF}.Release|ARM64.Build.0 = Release|Any CPU
		{0BEDAEC7-9967-4102-8CFC-14B2D2ABEFAF}.Release|x64.ActiveCfg = Release|Any CPU
		{0BEDAEC7-9967-4102-8CFC-14B2D2ABEFAF}.Release|x64.Build.0 = Release|Any CPU
		{0BEDAEC7-9967-4102-8CFC-14B2D2ABEFAF}.Release|x86.ActiveCfg = Release|Any CPU
		{0BEDAEC7-9967-4102-8CFC-14B2D2ABEFAF}.Release|x86.Build.0 = Release|Any CPU
		{89E4C16D-5C38-45B0-8BD1-71C3A228BF22}.Debug|Any CPU.ActiveCfg = Debug|Any CPU
		{89E4C16D-5C38-45B0-8BD1-71C3A228BF22}.Debug|Any CPU.Build.0 = Debug|Any CPU
		{89E4C16D-5C38-45B0-8BD1-71C3A228BF22}.Debug|ARM.ActiveCfg = Debug|Any CPU
		{89E4C16D-5C38-45B0-8BD1-71C3A228BF22}.Debug|ARM.Build.0 = Debug|Any CPU
		{89E4C16D-5C38-45B0-8BD1-71C3A228BF22}.Debug|ARM64.ActiveCfg = Debug|Any CPU
		{89E4C16D-5C38-45B0-8BD1-71C3A228BF22}.Debug|ARM64.Build.0 = Debug|Any CPU
		{89E4C16D-5C38-45B0-8BD1-71C3A228BF22}.Debug|x64.ActiveCfg = Debug|Any CPU
		{89E4C16D-5C38-45B0-8BD1-71C3A228BF22}.Debug|x64.Build.0 = Debug|Any CPU
		{89E4C16D-5C38-45B0-8BD1-71C3A228BF22}.Debug|x86.ActiveCfg = Debug|Any CPU
		{89E4C16D-5C38-45B0-8BD1-71C3A228BF22}.Debug|x86.Build.0 = Debug|Any CPU
		{89E4C16D-5C38-45B0-8BD1-71C3A228BF22}.Release|Any CPU.ActiveCfg = Release|Any CPU
		{89E4C16D-5C38-45B0-8BD1-71C3A228BF22}.Release|Any CPU.Build.0 = Release|Any CPU
		{89E4C16D-5C38-45B0-8BD1-71C3A228BF22}.Release|ARM.ActiveCfg = Release|Any CPU
		{89E4C16D-5C38-45B0-8BD1-71C3A228BF22}.Release|ARM.Build.0 = Release|Any CPU
		{89E4C16D-5C38-45B0-8BD1-71C3A228BF22}.Release|ARM64.ActiveCfg = Release|Any CPU
		{89E4C16D-5C38-45B0-8BD1-71C3A228BF22}.Release|ARM64.Build.0 = Release|Any CPU
		{89E4C16D-5C38-45B0-8BD1-71C3A228BF22}.Release|x64.ActiveCfg = Release|Any CPU
		{89E4C16D-5C38-45B0-8BD1-71C3A228BF22}.Release|x64.Build.0 = Release|Any CPU
		{89E4C16D-5C38-45B0-8BD1-71C3A228BF22}.Release|x86.ActiveCfg = Release|Any CPU
		{89E4C16D-5C38-45B0-8BD1-71C3A228BF22}.Release|x86.Build.0 = Release|Any CPU
		{DC31D5D5-4597-47BB-8BDE-9614305CD2F5}.Debug|Any CPU.ActiveCfg = Debug|Any CPU
		{DC31D5D5-4597-47BB-8BDE-9614305CD2F5}.Debug|Any CPU.Build.0 = Debug|Any CPU
		{DC31D5D5-4597-47BB-8BDE-9614305CD2F5}.Debug|ARM.ActiveCfg = Debug|Any CPU
		{DC31D5D5-4597-47BB-8BDE-9614305CD2F5}.Debug|ARM.Build.0 = Debug|Any CPU
		{DC31D5D5-4597-47BB-8BDE-9614305CD2F5}.Debug|ARM64.ActiveCfg = Debug|Any CPU
		{DC31D5D5-4597-47BB-8BDE-9614305CD2F5}.Debug|ARM64.Build.0 = Debug|Any CPU
		{DC31D5D5-4597-47BB-8BDE-9614305CD2F5}.Debug|x64.ActiveCfg = Debug|Any CPU
		{DC31D5D5-4597-47BB-8BDE-9614305CD2F5}.Debug|x64.Build.0 = Debug|Any CPU
		{DC31D5D5-4597-47BB-8BDE-9614305CD2F5}.Debug|x86.ActiveCfg = Debug|Any CPU
		{DC31D5D5-4597-47BB-8BDE-9614305CD2F5}.Debug|x86.Build.0 = Debug|Any CPU
		{DC31D5D5-4597-47BB-8BDE-9614305CD2F5}.Release|Any CPU.ActiveCfg = Release|Any CPU
		{DC31D5D5-4597-47BB-8BDE-9614305CD2F5}.Release|Any CPU.Build.0 = Release|Any CPU
		{DC31D5D5-4597-47BB-8BDE-9614305CD2F5}.Release|ARM.ActiveCfg = Release|Any CPU
		{DC31D5D5-4597-47BB-8BDE-9614305CD2F5}.Release|ARM.Build.0 = Release|Any CPU
		{DC31D5D5-4597-47BB-8BDE-9614305CD2F5}.Release|ARM64.ActiveCfg = Release|Any CPU
		{DC31D5D5-4597-47BB-8BDE-9614305CD2F5}.Release|ARM64.Build.0 = Release|Any CPU
		{DC31D5D5-4597-47BB-8BDE-9614305CD2F5}.Release|x64.ActiveCfg = Release|Any CPU
		{DC31D5D5-4597-47BB-8BDE-9614305CD2F5}.Release|x64.Build.0 = Release|Any CPU
		{DC31D5D5-4597-47BB-8BDE-9614305CD2F5}.Release|x86.ActiveCfg = Release|Any CPU
		{DC31D5D5-4597-47BB-8BDE-9614305CD2F5}.Release|x86.Build.0 = Release|Any CPU
		{287DE3F3-3D6B-44F8-99F4-FA72EAFF416D}.Debug|Any CPU.ActiveCfg = Debug|Any CPU
		{287DE3F3-3D6B-44F8-99F4-FA72EAFF416D}.Debug|Any CPU.Build.0 = Debug|Any CPU
		{287DE3F3-3D6B-44F8-99F4-FA72EAFF416D}.Debug|ARM.ActiveCfg = Debug|Any CPU
		{287DE3F3-3D6B-44F8-99F4-FA72EAFF416D}.Debug|ARM.Build.0 = Debug|Any CPU
		{287DE3F3-3D6B-44F8-99F4-FA72EAFF416D}.Debug|ARM64.ActiveCfg = Debug|Any CPU
		{287DE3F3-3D6B-44F8-99F4-FA72EAFF416D}.Debug|ARM64.Build.0 = Debug|Any CPU
		{287DE3F3-3D6B-44F8-99F4-FA72EAFF416D}.Debug|x64.ActiveCfg = Debug|Any CPU
		{287DE3F3-3D6B-44F8-99F4-FA72EAFF416D}.Debug|x64.Build.0 = Debug|Any CPU
		{287DE3F3-3D6B-44F8-99F4-FA72EAFF416D}.Debug|x86.ActiveCfg = Debug|Any CPU
		{287DE3F3-3D6B-44F8-99F4-FA72EAFF416D}.Debug|x86.Build.0 = Debug|Any CPU
		{287DE3F3-3D6B-44F8-99F4-FA72EAFF416D}.Release|Any CPU.ActiveCfg = Release|Any CPU
		{287DE3F3-3D6B-44F8-99F4-FA72EAFF416D}.Release|Any CPU.Build.0 = Release|Any CPU
		{287DE3F3-3D6B-44F8-99F4-FA72EAFF416D}.Release|ARM.ActiveCfg = Release|Any CPU
		{287DE3F3-3D6B-44F8-99F4-FA72EAFF416D}.Release|ARM.Build.0 = Release|Any CPU
		{287DE3F3-3D6B-44F8-99F4-FA72EAFF416D}.Release|ARM64.ActiveCfg = Release|Any CPU
		{287DE3F3-3D6B-44F8-99F4-FA72EAFF416D}.Release|ARM64.Build.0 = Release|Any CPU
		{287DE3F3-3D6B-44F8-99F4-FA72EAFF416D}.Release|x64.ActiveCfg = Release|Any CPU
		{287DE3F3-3D6B-44F8-99F4-FA72EAFF416D}.Release|x64.Build.0 = Release|Any CPU
		{287DE3F3-3D6B-44F8-99F4-FA72EAFF416D}.Release|x86.ActiveCfg = Release|Any CPU
		{287DE3F3-3D6B-44F8-99F4-FA72EAFF416D}.Release|x86.Build.0 = Release|Any CPU
		{E10A2FBE-7F1A-454B-AC9D-1D6446C32D16}.Debug|Any CPU.ActiveCfg = Debug|Any CPU
		{E10A2FBE-7F1A-454B-AC9D-1D6446C32D16}.Debug|Any CPU.Build.0 = Debug|Any CPU
		{E10A2FBE-7F1A-454B-AC9D-1D6446C32D16}.Debug|ARM.ActiveCfg = Debug|Any CPU
		{E10A2FBE-7F1A-454B-AC9D-1D6446C32D16}.Debug|ARM.Build.0 = Debug|Any CPU
		{E10A2FBE-7F1A-454B-AC9D-1D6446C32D16}.Debug|ARM64.ActiveCfg = Debug|Any CPU
		{E10A2FBE-7F1A-454B-AC9D-1D6446C32D16}.Debug|ARM64.Build.0 = Debug|Any CPU
		{E10A2FBE-7F1A-454B-AC9D-1D6446C32D16}.Debug|x64.ActiveCfg = Debug|Any CPU
		{E10A2FBE-7F1A-454B-AC9D-1D6446C32D16}.Debug|x64.Build.0 = Debug|Any CPU
		{E10A2FBE-7F1A-454B-AC9D-1D6446C32D16}.Debug|x86.ActiveCfg = Debug|Any CPU
		{E10A2FBE-7F1A-454B-AC9D-1D6446C32D16}.Debug|x86.Build.0 = Debug|Any CPU
		{E10A2FBE-7F1A-454B-AC9D-1D6446C32D16}.Release|Any CPU.ActiveCfg = Release|Any CPU
		{E10A2FBE-7F1A-454B-AC9D-1D6446C32D16}.Release|Any CPU.Build.0 = Release|Any CPU
		{E10A2FBE-7F1A-454B-AC9D-1D6446C32D16}.Release|ARM.ActiveCfg = Release|Any CPU
		{E10A2FBE-7F1A-454B-AC9D-1D6446C32D16}.Release|ARM.Build.0 = Release|Any CPU
		{E10A2FBE-7F1A-454B-AC9D-1D6446C32D16}.Release|ARM64.ActiveCfg = Release|Any CPU
		{E10A2FBE-7F1A-454B-AC9D-1D6446C32D16}.Release|ARM64.Build.0 = Release|Any CPU
		{E10A2FBE-7F1A-454B-AC9D-1D6446C32D16}.Release|x64.ActiveCfg = Release|Any CPU
		{E10A2FBE-7F1A-454B-AC9D-1D6446C32D16}.Release|x64.Build.0 = Release|Any CPU
		{E10A2FBE-7F1A-454B-AC9D-1D6446C32D16}.Release|x86.ActiveCfg = Release|Any CPU
		{E10A2FBE-7F1A-454B-AC9D-1D6446C32D16}.Release|x86.Build.0 = Release|Any CPU
	EndGlobalSection
	GlobalSection(SolutionProperties) = preSolution
		HideSolutionNode = FALSE
	EndGlobalSection
	GlobalSection(NestedProjects) = preSolution
		{0D33CA40-25AA-4581-B299-D21C942884A6} = {96F895FF-813E-469F-834D-3249281F8C6B}
		{A86F4262-A4B8-404C-9052-41E1C4E082D3} = {F563B1A2-1ED5-410D-B0F9-2F370BB17925}
		{1A395BCB-AF06-4D65-9CB9-C45BB04E1F74} = {9B57B696-FF77-4C0D-9555-44315BF0D990}
		{E75CE908-A038-494A-B319-2E91669273CF} = {9B57B696-FF77-4C0D-9555-44315BF0D990}
		{29E9C41D-4F57-431C-B557-6E54F5D6766D} = {F563B1A2-1ED5-410D-B0F9-2F370BB17925}
		{E82885BF-A6A6-4F84-ABA8-1ED233ED926C} = {96F895FF-813E-469F-834D-3249281F8C6B}
		{6BD90C13-2D5D-4967-807B-00924980BE2F} = {96F895FF-813E-469F-834D-3249281F8C6B}
		{689B3678-F62A-4A30-8F4A-CF4DE2618993} = {9B57B696-FF77-4C0D-9555-44315BF0D990}
		{360B25E2-AEFC-4BFA-9109-F66059BD232C} = {689B3678-F62A-4A30-8F4A-CF4DE2618993}
		{AFDEAF31-78E5-46E2-9D91-6B834F1EE097} = {689B3678-F62A-4A30-8F4A-CF4DE2618993}
		{39736E39-DED3-4260-8455-F2269AFCB2EC} = {689B3678-F62A-4A30-8F4A-CF4DE2618993}
		{01D495BE-C6A9-47A7-AEF3-06F329522592} = {9B57B696-FF77-4C0D-9555-44315BF0D990}
		{FF854B2A-6E36-4FF2-852E-A56490859A95} = {01D495BE-C6A9-47A7-AEF3-06F329522592}
		{5FCA1A15-865D-4503-8CB7-1BA4DE53A769} = {01D495BE-C6A9-47A7-AEF3-06F329522592}
		{0BEDAEC7-9967-4102-8CFC-14B2D2ABEFAF} = {1A395BCB-AF06-4D65-9CB9-C45BB04E1F74}
		{89E4C16D-5C38-45B0-8BD1-71C3A228BF22} = {1A395BCB-AF06-4D65-9CB9-C45BB04E1F74}
		{DC31D5D5-4597-47BB-8BDE-9614305CD2F5} = {1A395BCB-AF06-4D65-9CB9-C45BB04E1F74}
		{287DE3F3-3D6B-44F8-99F4-FA72EAFF416D} = {E75CE908-A038-494A-B319-2E91669273CF}
		{E10A2FBE-7F1A-454B-AC9D-1D6446C32D16} = {E75CE908-A038-494A-B319-2E91669273CF}
	EndGlobalSection
	GlobalSection(ExtensibilityGlobals) = postSolution
		SolutionGuid = {E64E3593-77B9-4865-9501-052D221770FC}
	EndGlobalSection
	GlobalSection(SharedMSBuildProjectFiles) = preSolution
		DeviceContoller\ControllerDomain\ControllerDomain.vcxitems*{0d33ca40-25aa-4581-b299-d21c942884a6}*SharedItemsImports = 4
		DeviceContoller\ControllerDomain\ControllerDomain.vcxitems*{6bd90c13-2d5d-4967-807b-00924980be2f}*SharedItemsImports = 4
		DeviceContoller\ControllerDomain\ControllerDomain.vcxitems*{e82885bf-a6a6-4f84-aba8-1ed233ed926c}*SharedItemsImports = 9
	EndGlobalSection
EndGlobal
