
Microsoft Visual Studio Solution File, Format Version 12.00
# Visual Studio Version 17
VisualStudioVersion = 17.8.34205.153
MinimumVisualStudioVersion = 10.0.40219.1
Project("{2150E333-8FDC-42A3-9474-1A3956D46DE8}") = "0 Solution Items", "0 Solution Items", "{73090D2C-2AA4-46EE-9C99-2D2E5E49D3E9}"
	ProjectSection(SolutionItems) = preProject
		..\Infrastructure\DeviceController\Dockerfile = ..\Infrastructure\DeviceController\Dockerfile
		testenvironments.json = testenvironments.json
	EndProjectSection
EndProject
Project("{2150E333-8FDC-42A3-9474-1A3956D46DE8}") = "1 Device Controller", "1 Device Controller", "{96F895FF-813E-469F-834D-3249281F8C6B}"
EndProject
Project("{2150E333-8FDC-42A3-9474-1A3956D46DE8}") = "2 Local Hub", "2 Local Hub", "{F563B1A2-1ED5-410D-B0F9-2F370BB17925}"
EndProject
Project("{2150E333-8FDC-42A3-9474-1A3956D46DE8}") = "3 Remote Service", "3 Remote Service", "{9B57B696-FF77-4C0D-9555-44315BF0D990}"
EndProject
Project("{2150E333-8FDC-42A3-9474-1A3956D46DE8}") = "3 Api", "3 Api", "{1A395BCB-AF06-4D65-9CB9-C45BB04E1F74}"
EndProject
Project("{2150E333-8FDC-42A3-9474-1A3956D46DE8}") = "2 Infrastructure", "2 Infrastructure", "{E75CE908-A038-494A-B319-2E91669273CF}"
EndProject
Project("{54A90642-561A-4BB1-A94E-469ADEE60C69}") = "LocalHub.Client", "LocalHub\Client\LocalHub.Client.esproj", "{29E9C41D-4F57-431C-B557-6E54F5D6766D}"
EndProject
Project("{2150E333-8FDC-42A3-9474-1A3956D46DE8}") = "0 Common", "0 Common", "{689B3678-F62A-4A30-8F4A-CF4DE2618993}"
EndProject
Project("{9A19103F-16F7-4668-BE54-9A1E7A4F7556}") = "Common", "RemoteService\Common\Common.csproj", "{360B25E2-AEFC-4BFA-9109-F66059BD232C}"
EndProject
Project("{2150E333-8FDC-42A3-9474-1A3956D46DE8}") = "1 Domain", "1 Domain", "{01D495BE-C6A9-47A7-AEF3-06F329522592}"
EndProject
Project("{9A19103F-16F7-4668-BE54-9A1E7A4F7556}") = "RemoteService.Domain", "RemoteService\Domain\RemoteService.Domain.csproj", "{FF854B2A-6E36-4FF2-852E-A56490859A95}"
EndProject
Project("{9A19103F-16F7-4668-BE54-9A1E7A4F7556}") = "RemoteService.Api", "RemoteService\Api\RemoteService.Api.csproj", "{0BEDAEC7-9967-4102-8CFC-14B2D2ABEFAF}"
EndProject
Project("{9A19103F-16F7-4668-BE54-9A1E7A4F7556}") = "RemoteService.DataAccess", "RemoteService\DataAccess\RemoteService.DataAccess.csproj", "{287DE3F3-3D6B-44F8-99F4-FA72EAFF416D}"
EndProject
Project("{8BC9CEB8-8B4A-11D0-8D11-00A0C91BC942}") = "Common", "DeviceController\Common\Common.vcxproj", "{04747DDD-8DE1-407F-BBE6-F571B4D64E5F}"
EndProject
Project("{8BC9CEB8-8B4A-11D0-8D11-00A0C91BC942}") = "DeviceController.Connection", "DeviceController\Connection\DeviceController.Connection.vcxproj", "{C82E8DBC-A6FA-4C87-AB66-1A78C8FF399B}"
EndProject
Project("{8BC9CEB8-8B4A-11D0-8D11-00A0C91BC942}") = "DeviceController.DataAccess", "DeviceController\DataAccess\DeviceController.DataAccess.vcxproj", "{10BC0CA5-C2AA-49BD-8DEC-D1D521ADB764}"
EndProject
Project("{8BC9CEB8-8B4A-11D0-8D11-00A0C91BC942}") = "DeviceController.Domain", "DeviceController\Domain\DeviceController.Domain.vcxproj", "{290E227D-8542-4B05-BCB8-2CFA3A1DFC42}"
EndProject
Project("{8BC9CEB8-8B4A-11D0-8D11-00A0C91BC942}") = "DeviceController.Runner", "DeviceController\Runner\DeviceController.vcxproj", "{0D33CA40-25AA-4581-B299-D21C942884A6}"
EndProject
Project("{8BC9CEB8-8B4A-11D0-8D11-00A0C91BC942}") = "DeviceController.SensorReader", "DeviceController\SensorReader\DeviceController.SensorReader.vcxproj", "{CAAA318C-CA1A-4537-AD85-664DE3EFB827}"
EndProject
Project("{2150E333-8FDC-42A3-9474-1A3956D46DE8}") = "1 Domain", "1 Domain", "{AEC2EED2-6C69-413C-B013-8E6881AB9D4A}"
EndProject
Project("{2150E333-8FDC-42A3-9474-1A3956D46DE8}") = "0 Common", "0 Common", "{79540616-0328-455D-A819-A8A9F70E2B5F}"
EndProject
Project("{2150E333-8FDC-42A3-9474-1A3956D46DE8}") = "2 Infrastructure", "2 Infrastructure", "{EFF1C605-CB28-4295-8A0A-5680C7D9196C}"
EndProject
Project("{2150E333-8FDC-42A3-9474-1A3956D46DE8}") = "3 Runner", "3 Runner", "{EF324D72-09C9-4864-8D81-96BA130D970E}"
EndProject
Project("{2150E333-8FDC-42A3-9474-1A3956D46DE8}") = "1 WebApp", "1 WebApp", "{426910C8-8122-4EAD-B8D9-1275004192A5}"
EndProject
Project("{9A19103F-16F7-4668-BE54-9A1E7A4F7556}") = "RemoteService.Security", "RemoteService\Security\RemoteService.Security.csproj", "{0849A444-CA19-4F42-B099-A78E7EC372B3}"
EndProject
Project("{9A19103F-16F7-4668-BE54-9A1E7A4F7556}") = "RemoteService.EmailSender", "RemoteService\EmailSender\RemoteService.EmailSender.csproj", "{DDEAE0A2-9E3A-42C3-ABBA-A394FFCB7CD9}"
EndProject
Global
	GlobalSection(SolutionConfigurationPlatforms) = preSolution
		Debug|Any CPU = Debug|Any CPU
		Debug|ARM = Debug|ARM
		Debug|ARM64 = Debug|ARM64
		Debug|DeviceController = Debug|DeviceController
		Debug|LocalHub = Debug|LocalHub
		Debug|RemoteService = Debug|RemoteService
		Debug|x64 = Debug|x64
		Debug|x86 = Debug|x86
		Release|Any CPU = Release|Any CPU
		Release|ARM = Release|ARM
		Release|ARM64 = Release|ARM64
		Release|DeviceController = Release|DeviceController
		Release|LocalHub = Release|LocalHub
		Release|RemoteService = Release|RemoteService
		Release|x64 = Release|x64
		Release|x86 = Release|x86
	EndGlobalSection
	GlobalSection(ProjectConfigurationPlatforms) = postSolution
		{29E9C41D-4F57-431C-B557-6E54F5D6766D}.Debug|Any CPU.ActiveCfg = Debug|Any CPU
		{29E9C41D-4F57-431C-B557-6E54F5D6766D}.Debug|Any CPU.Build.0 = Debug|Any CPU
		{29E9C41D-4F57-431C-B557-6E54F5D6766D}.Debug|ARM.ActiveCfg = Debug|Any CPU
		{29E9C41D-4F57-431C-B557-6E54F5D6766D}.Debug|ARM.Build.0 = Debug|Any CPU
		{29E9C41D-4F57-431C-B557-6E54F5D6766D}.Debug|ARM.Deploy.0 = Debug|Any CPU
		{29E9C41D-4F57-431C-B557-6E54F5D6766D}.Debug|ARM64.ActiveCfg = Debug|Any CPU
		{29E9C41D-4F57-431C-B557-6E54F5D6766D}.Debug|ARM64.Build.0 = Debug|Any CPU
		{29E9C41D-4F57-431C-B557-6E54F5D6766D}.Debug|ARM64.Deploy.0 = Debug|Any CPU
		{29E9C41D-4F57-431C-B557-6E54F5D6766D}.Debug|DeviceController.ActiveCfg = Debug|Any CPU
		{29E9C41D-4F57-431C-B557-6E54F5D6766D}.Debug|LocalHub.ActiveCfg = Debug|Any CPU
		{29E9C41D-4F57-431C-B557-6E54F5D6766D}.Debug|LocalHub.Build.0 = Debug|Any CPU
		{29E9C41D-4F57-431C-B557-6E54F5D6766D}.Debug|LocalHub.Deploy.0 = Debug|Any CPU
		{29E9C41D-4F57-431C-B557-6E54F5D6766D}.Debug|RemoteService.ActiveCfg = Debug|Any CPU
		{29E9C41D-4F57-431C-B557-6E54F5D6766D}.Debug|x64.ActiveCfg = Debug|Any CPU
		{29E9C41D-4F57-431C-B557-6E54F5D6766D}.Debug|x64.Build.0 = Debug|Any CPU
		{29E9C41D-4F57-431C-B557-6E54F5D6766D}.Debug|x64.Deploy.0 = Debug|Any CPU
		{29E9C41D-4F57-431C-B557-6E54F5D6766D}.Debug|x86.ActiveCfg = Debug|Any CPU
		{29E9C41D-4F57-431C-B557-6E54F5D6766D}.Debug|x86.Build.0 = Debug|Any CPU
		{29E9C41D-4F57-431C-B557-6E54F5D6766D}.Debug|x86.Deploy.0 = Debug|Any CPU
		{29E9C41D-4F57-431C-B557-6E54F5D6766D}.Release|Any CPU.ActiveCfg = Release|Any CPU
		{29E9C41D-4F57-431C-B557-6E54F5D6766D}.Release|Any CPU.Build.0 = Release|Any CPU
		{29E9C41D-4F57-431C-B557-6E54F5D6766D}.Release|Any CPU.Deploy.0 = Release|Any CPU
		{29E9C41D-4F57-431C-B557-6E54F5D6766D}.Release|ARM.ActiveCfg = Release|Any CPU
		{29E9C41D-4F57-431C-B557-6E54F5D6766D}.Release|ARM.Build.0 = Release|Any CPU
		{29E9C41D-4F57-431C-B557-6E54F5D6766D}.Release|ARM.Deploy.0 = Release|Any CPU
		{29E9C41D-4F57-431C-B557-6E54F5D6766D}.Release|ARM64.ActiveCfg = Release|Any CPU
		{29E9C41D-4F57-431C-B557-6E54F5D6766D}.Release|ARM64.Build.0 = Release|Any CPU
		{29E9C41D-4F57-431C-B557-6E54F5D6766D}.Release|ARM64.Deploy.0 = Release|Any CPU
		{29E9C41D-4F57-431C-B557-6E54F5D6766D}.Release|DeviceController.ActiveCfg = Release|Any CPU
		{29E9C41D-4F57-431C-B557-6E54F5D6766D}.Release|DeviceController.Build.0 = Release|Any CPU
		{29E9C41D-4F57-431C-B557-6E54F5D6766D}.Release|DeviceController.Deploy.0 = Release|Any CPU
		{29E9C41D-4F57-431C-B557-6E54F5D6766D}.Release|LocalHub.ActiveCfg = Release|Any CPU
		{29E9C41D-4F57-431C-B557-6E54F5D6766D}.Release|LocalHub.Build.0 = Release|Any CPU
		{29E9C41D-4F57-431C-B557-6E54F5D6766D}.Release|LocalHub.Deploy.0 = Release|Any CPU
		{29E9C41D-4F57-431C-B557-6E54F5D6766D}.Release|RemoteService.ActiveCfg = Release|Any CPU
		{29E9C41D-4F57-431C-B557-6E54F5D6766D}.Release|RemoteService.Build.0 = Release|Any CPU
		{29E9C41D-4F57-431C-B557-6E54F5D6766D}.Release|RemoteService.Deploy.0 = Release|Any CPU
		{29E9C41D-4F57-431C-B557-6E54F5D6766D}.Release|x64.ActiveCfg = Release|Any CPU
		{29E9C41D-4F57-431C-B557-6E54F5D6766D}.Release|x64.Build.0 = Release|Any CPU
		{29E9C41D-4F57-431C-B557-6E54F5D6766D}.Release|x64.Deploy.0 = Release|Any CPU
		{29E9C41D-4F57-431C-B557-6E54F5D6766D}.Release|x86.ActiveCfg = Release|Any CPU
		{29E9C41D-4F57-431C-B557-6E54F5D6766D}.Release|x86.Build.0 = Release|Any CPU
		{29E9C41D-4F57-431C-B557-6E54F5D6766D}.Release|x86.Deploy.0 = Release|Any CPU
		{360B25E2-AEFC-4BFA-9109-F66059BD232C}.Debug|Any CPU.ActiveCfg = Debug|Any CPU
		{360B25E2-AEFC-4BFA-9109-F66059BD232C}.Debug|Any CPU.Build.0 = Debug|Any CPU
		{360B25E2-AEFC-4BFA-9109-F66059BD232C}.Debug|ARM.ActiveCfg = Debug|Any CPU
		{360B25E2-AEFC-4BFA-9109-F66059BD232C}.Debug|ARM.Build.0 = Debug|Any CPU
		{360B25E2-AEFC-4BFA-9109-F66059BD232C}.Debug|ARM64.ActiveCfg = Debug|Any CPU
		{360B25E2-AEFC-4BFA-9109-F66059BD232C}.Debug|ARM64.Build.0 = Debug|Any CPU
		{360B25E2-AEFC-4BFA-9109-F66059BD232C}.Debug|DeviceController.ActiveCfg = Debug|Any CPU
		{360B25E2-AEFC-4BFA-9109-F66059BD232C}.Debug|LocalHub.ActiveCfg = Debug|Any CPU
		{360B25E2-AEFC-4BFA-9109-F66059BD232C}.Debug|RemoteService.ActiveCfg = Debug|Any CPU
		{360B25E2-AEFC-4BFA-9109-F66059BD232C}.Debug|RemoteService.Build.0 = Debug|Any CPU
		{360B25E2-AEFC-4BFA-9109-F66059BD232C}.Debug|x64.ActiveCfg = Debug|Any CPU
		{360B25E2-AEFC-4BFA-9109-F66059BD232C}.Debug|x64.Build.0 = Debug|Any CPU
		{360B25E2-AEFC-4BFA-9109-F66059BD232C}.Debug|x86.ActiveCfg = Debug|Any CPU
		{360B25E2-AEFC-4BFA-9109-F66059BD232C}.Debug|x86.Build.0 = Debug|Any CPU
		{360B25E2-AEFC-4BFA-9109-F66059BD232C}.Release|Any CPU.ActiveCfg = Release|Any CPU
		{360B25E2-AEFC-4BFA-9109-F66059BD232C}.Release|Any CPU.Build.0 = Release|Any CPU
		{360B25E2-AEFC-4BFA-9109-F66059BD232C}.Release|ARM.ActiveCfg = Release|Any CPU
		{360B25E2-AEFC-4BFA-9109-F66059BD232C}.Release|ARM.Build.0 = Release|Any CPU
		{360B25E2-AEFC-4BFA-9109-F66059BD232C}.Release|ARM64.ActiveCfg = Release|Any CPU
		{360B25E2-AEFC-4BFA-9109-F66059BD232C}.Release|ARM64.Build.0 = Release|Any CPU
		{360B25E2-AEFC-4BFA-9109-F66059BD232C}.Release|DeviceController.ActiveCfg = Release|Any CPU
		{360B25E2-AEFC-4BFA-9109-F66059BD232C}.Release|DeviceController.Build.0 = Release|Any CPU
		{360B25E2-AEFC-4BFA-9109-F66059BD232C}.Release|LocalHub.ActiveCfg = Release|Any CPU
		{360B25E2-AEFC-4BFA-9109-F66059BD232C}.Release|LocalHub.Build.0 = Release|Any CPU
		{360B25E2-AEFC-4BFA-9109-F66059BD232C}.Release|RemoteService.ActiveCfg = Release|Any CPU
		{360B25E2-AEFC-4BFA-9109-F66059BD232C}.Release|RemoteService.Build.0 = Release|Any CPU
		{360B25E2-AEFC-4BFA-9109-F66059BD232C}.Release|x64.ActiveCfg = Release|Any CPU
		{360B25E2-AEFC-4BFA-9109-F66059BD232C}.Release|x64.Build.0 = Release|Any CPU
		{360B25E2-AEFC-4BFA-9109-F66059BD232C}.Release|x86.ActiveCfg = Release|Any CPU
		{360B25E2-AEFC-4BFA-9109-F66059BD232C}.Release|x86.Build.0 = Release|Any CPU
		{FF854B2A-6E36-4FF2-852E-A56490859A95}.Debug|Any CPU.ActiveCfg = Debug|Any CPU
		{FF854B2A-6E36-4FF2-852E-A56490859A95}.Debug|Any CPU.Build.0 = Debug|Any CPU
		{FF854B2A-6E36-4FF2-852E-A56490859A95}.Debug|ARM.ActiveCfg = Debug|Any CPU
		{FF854B2A-6E36-4FF2-852E-A56490859A95}.Debug|ARM.Build.0 = Debug|Any CPU
		{FF854B2A-6E36-4FF2-852E-A56490859A95}.Debug|ARM64.ActiveCfg = Debug|Any CPU
		{FF854B2A-6E36-4FF2-852E-A56490859A95}.Debug|ARM64.Build.0 = Debug|Any CPU
		{FF854B2A-6E36-4FF2-852E-A56490859A95}.Debug|DeviceController.ActiveCfg = Debug|Any CPU
		{FF854B2A-6E36-4FF2-852E-A56490859A95}.Debug|LocalHub.ActiveCfg = Debug|Any CPU
		{FF854B2A-6E36-4FF2-852E-A56490859A95}.Debug|RemoteService.ActiveCfg = Debug|Any CPU
		{FF854B2A-6E36-4FF2-852E-A56490859A95}.Debug|RemoteService.Build.0 = Debug|Any CPU
		{FF854B2A-6E36-4FF2-852E-A56490859A95}.Debug|x64.ActiveCfg = Debug|Any CPU
		{FF854B2A-6E36-4FF2-852E-A56490859A95}.Debug|x64.Build.0 = Debug|Any CPU
		{FF854B2A-6E36-4FF2-852E-A56490859A95}.Debug|x86.ActiveCfg = Debug|Any CPU
		{FF854B2A-6E36-4FF2-852E-A56490859A95}.Debug|x86.Build.0 = Debug|Any CPU
		{FF854B2A-6E36-4FF2-852E-A56490859A95}.Release|Any CPU.ActiveCfg = Release|Any CPU
		{FF854B2A-6E36-4FF2-852E-A56490859A95}.Release|Any CPU.Build.0 = Release|Any CPU
		{FF854B2A-6E36-4FF2-852E-A56490859A95}.Release|ARM.ActiveCfg = Release|Any CPU
		{FF854B2A-6E36-4FF2-852E-A56490859A95}.Release|ARM.Build.0 = Release|Any CPU
		{FF854B2A-6E36-4FF2-852E-A56490859A95}.Release|ARM64.ActiveCfg = Release|Any CPU
		{FF854B2A-6E36-4FF2-852E-A56490859A95}.Release|ARM64.Build.0 = Release|Any CPU
		{FF854B2A-6E36-4FF2-852E-A56490859A95}.Release|DeviceController.ActiveCfg = Release|Any CPU
		{FF854B2A-6E36-4FF2-852E-A56490859A95}.Release|DeviceController.Build.0 = Release|Any CPU
		{FF854B2A-6E36-4FF2-852E-A56490859A95}.Release|LocalHub.ActiveCfg = Release|Any CPU
		{FF854B2A-6E36-4FF2-852E-A56490859A95}.Release|LocalHub.Build.0 = Release|Any CPU
		{FF854B2A-6E36-4FF2-852E-A56490859A95}.Release|RemoteService.ActiveCfg = Release|Any CPU
		{FF854B2A-6E36-4FF2-852E-A56490859A95}.Release|RemoteService.Build.0 = Release|Any CPU
		{FF854B2A-6E36-4FF2-852E-A56490859A95}.Release|x64.ActiveCfg = Release|Any CPU
		{FF854B2A-6E36-4FF2-852E-A56490859A95}.Release|x64.Build.0 = Release|Any CPU
		{FF854B2A-6E36-4FF2-852E-A56490859A95}.Release|x86.ActiveCfg = Release|Any CPU
		{FF854B2A-6E36-4FF2-852E-A56490859A95}.Release|x86.Build.0 = Release|Any CPU
		{0BEDAEC7-9967-4102-8CFC-14B2D2ABEFAF}.Debug|Any CPU.ActiveCfg = Debug|Any CPU
		{0BEDAEC7-9967-4102-8CFC-14B2D2ABEFAF}.Debug|Any CPU.Build.0 = Debug|Any CPU
		{0BEDAEC7-9967-4102-8CFC-14B2D2ABEFAF}.Debug|ARM.ActiveCfg = Debug|Any CPU
		{0BEDAEC7-9967-4102-8CFC-14B2D2ABEFAF}.Debug|ARM.Build.0 = Debug|Any CPU
		{0BEDAEC7-9967-4102-8CFC-14B2D2ABEFAF}.Debug|ARM64.ActiveCfg = Debug|Any CPU
		{0BEDAEC7-9967-4102-8CFC-14B2D2ABEFAF}.Debug|ARM64.Build.0 = Debug|Any CPU
		{0BEDAEC7-9967-4102-8CFC-14B2D2ABEFAF}.Debug|DeviceController.ActiveCfg = Debug|Any CPU
		{0BEDAEC7-9967-4102-8CFC-14B2D2ABEFAF}.Debug|LocalHub.ActiveCfg = Debug|Any CPU
		{0BEDAEC7-9967-4102-8CFC-14B2D2ABEFAF}.Debug|RemoteService.ActiveCfg = Debug|Any CPU
		{0BEDAEC7-9967-4102-8CFC-14B2D2ABEFAF}.Debug|RemoteService.Build.0 = Debug|Any CPU
		{0BEDAEC7-9967-4102-8CFC-14B2D2ABEFAF}.Debug|x64.ActiveCfg = Debug|Any CPU
		{0BEDAEC7-9967-4102-8CFC-14B2D2ABEFAF}.Debug|x64.Build.0 = Debug|Any CPU
		{0BEDAEC7-9967-4102-8CFC-14B2D2ABEFAF}.Debug|x86.ActiveCfg = Debug|Any CPU
		{0BEDAEC7-9967-4102-8CFC-14B2D2ABEFAF}.Debug|x86.Build.0 = Debug|Any CPU
		{0BEDAEC7-9967-4102-8CFC-14B2D2ABEFAF}.Release|Any CPU.ActiveCfg = Release|Any CPU
		{0BEDAEC7-9967-4102-8CFC-14B2D2ABEFAF}.Release|Any CPU.Build.0 = Release|Any CPU
		{0BEDAEC7-9967-4102-8CFC-14B2D2ABEFAF}.Release|ARM.ActiveCfg = Release|Any CPU
		{0BEDAEC7-9967-4102-8CFC-14B2D2ABEFAF}.Release|ARM.Build.0 = Release|Any CPU
		{0BEDAEC7-9967-4102-8CFC-14B2D2ABEFAF}.Release|ARM64.ActiveCfg = Release|Any CPU
		{0BEDAEC7-9967-4102-8CFC-14B2D2ABEFAF}.Release|ARM64.Build.0 = Release|Any CPU
		{0BEDAEC7-9967-4102-8CFC-14B2D2ABEFAF}.Release|DeviceController.ActiveCfg = Release|Any CPU
		{0BEDAEC7-9967-4102-8CFC-14B2D2ABEFAF}.Release|DeviceController.Build.0 = Release|Any CPU
		{0BEDAEC7-9967-4102-8CFC-14B2D2ABEFAF}.Release|LocalHub.ActiveCfg = Release|Any CPU
		{0BEDAEC7-9967-4102-8CFC-14B2D2ABEFAF}.Release|LocalHub.Build.0 = Release|Any CPU
		{0BEDAEC7-9967-4102-8CFC-14B2D2ABEFAF}.Release|RemoteService.ActiveCfg = Release|Any CPU
		{0BEDAEC7-9967-4102-8CFC-14B2D2ABEFAF}.Release|RemoteService.Build.0 = Release|Any CPU
		{0BEDAEC7-9967-4102-8CFC-14B2D2ABEFAF}.Release|x64.ActiveCfg = Release|Any CPU
		{0BEDAEC7-9967-4102-8CFC-14B2D2ABEFAF}.Release|x64.Build.0 = Release|Any CPU
		{0BEDAEC7-9967-4102-8CFC-14B2D2ABEFAF}.Release|x86.ActiveCfg = Release|Any CPU
		{0BEDAEC7-9967-4102-8CFC-14B2D2ABEFAF}.Release|x86.Build.0 = Release|Any CPU
		{287DE3F3-3D6B-44F8-99F4-FA72EAFF416D}.Debug|Any CPU.ActiveCfg = Debug|Any CPU
		{287DE3F3-3D6B-44F8-99F4-FA72EAFF416D}.Debug|Any CPU.Build.0 = Debug|Any CPU
		{287DE3F3-3D6B-44F8-99F4-FA72EAFF416D}.Debug|ARM.ActiveCfg = Debug|Any CPU
		{287DE3F3-3D6B-44F8-99F4-FA72EAFF416D}.Debug|ARM.Build.0 = Debug|Any CPU
		{287DE3F3-3D6B-44F8-99F4-FA72EAFF416D}.Debug|ARM64.ActiveCfg = Debug|Any CPU
		{287DE3F3-3D6B-44F8-99F4-FA72EAFF416D}.Debug|ARM64.Build.0 = Debug|Any CPU
		{287DE3F3-3D6B-44F8-99F4-FA72EAFF416D}.Debug|DeviceController.ActiveCfg = Debug|Any CPU
		{287DE3F3-3D6B-44F8-99F4-FA72EAFF416D}.Debug|LocalHub.ActiveCfg = Debug|Any CPU
		{287DE3F3-3D6B-44F8-99F4-FA72EAFF416D}.Debug|RemoteService.ActiveCfg = Debug|Any CPU
		{287DE3F3-3D6B-44F8-99F4-FA72EAFF416D}.Debug|RemoteService.Build.0 = Debug|Any CPU
		{287DE3F3-3D6B-44F8-99F4-FA72EAFF416D}.Debug|x64.ActiveCfg = Debug|Any CPU
		{287DE3F3-3D6B-44F8-99F4-FA72EAFF416D}.Debug|x64.Build.0 = Debug|Any CPU
		{287DE3F3-3D6B-44F8-99F4-FA72EAFF416D}.Debug|x86.ActiveCfg = Debug|Any CPU
		{287DE3F3-3D6B-44F8-99F4-FA72EAFF416D}.Debug|x86.Build.0 = Debug|Any CPU
		{287DE3F3-3D6B-44F8-99F4-FA72EAFF416D}.Release|Any CPU.ActiveCfg = Release|Any CPU
		{287DE3F3-3D6B-44F8-99F4-FA72EAFF416D}.Release|Any CPU.Build.0 = Release|Any CPU
		{287DE3F3-3D6B-44F8-99F4-FA72EAFF416D}.Release|ARM.ActiveCfg = Release|Any CPU
		{287DE3F3-3D6B-44F8-99F4-FA72EAFF416D}.Release|ARM.Build.0 = Release|Any CPU
		{287DE3F3-3D6B-44F8-99F4-FA72EAFF416D}.Release|ARM64.ActiveCfg = Release|Any CPU
		{287DE3F3-3D6B-44F8-99F4-FA72EAFF416D}.Release|ARM64.Build.0 = Release|Any CPU
		{287DE3F3-3D6B-44F8-99F4-FA72EAFF416D}.Release|DeviceController.ActiveCfg = Release|Any CPU
		{287DE3F3-3D6B-44F8-99F4-FA72EAFF416D}.Release|DeviceController.Build.0 = Release|Any CPU
		{287DE3F3-3D6B-44F8-99F4-FA72EAFF416D}.Release|LocalHub.ActiveCfg = Release|Any CPU
		{287DE3F3-3D6B-44F8-99F4-FA72EAFF416D}.Release|LocalHub.Build.0 = Release|Any CPU
		{287DE3F3-3D6B-44F8-99F4-FA72EAFF416D}.Release|RemoteService.ActiveCfg = Release|Any CPU
		{287DE3F3-3D6B-44F8-99F4-FA72EAFF416D}.Release|RemoteService.Build.0 = Release|Any CPU
		{287DE3F3-3D6B-44F8-99F4-FA72EAFF416D}.Release|x64.ActiveCfg = Release|Any CPU
		{287DE3F3-3D6B-44F8-99F4-FA72EAFF416D}.Release|x64.Build.0 = Release|Any CPU
		{287DE3F3-3D6B-44F8-99F4-FA72EAFF416D}.Release|x86.ActiveCfg = Release|Any CPU
		{287DE3F3-3D6B-44F8-99F4-FA72EAFF416D}.Release|x86.Build.0 = Release|Any CPU
		{04747DDD-8DE1-407F-BBE6-F571B4D64E5F}.Debug|Any CPU.ActiveCfg = Debug|ARM
		{04747DDD-8DE1-407F-BBE6-F571B4D64E5F}.Debug|Any CPU.Build.0 = Debug|ARM
		{04747DDD-8DE1-407F-BBE6-F571B4D64E5F}.Debug|Any CPU.Deploy.0 = Debug|ARM
		{04747DDD-8DE1-407F-BBE6-F571B4D64E5F}.Debug|ARM.ActiveCfg = Debug|ARM
		{04747DDD-8DE1-407F-BBE6-F571B4D64E5F}.Debug|ARM.Build.0 = Debug|ARM
		{04747DDD-8DE1-407F-BBE6-F571B4D64E5F}.Debug|ARM.Deploy.0 = Debug|ARM
		{04747DDD-8DE1-407F-BBE6-F571B4D64E5F}.Debug|ARM64.ActiveCfg = Debug|ARM64
		{04747DDD-8DE1-407F-BBE6-F571B4D64E5F}.Debug|ARM64.Build.0 = Debug|ARM64
		{04747DDD-8DE1-407F-BBE6-F571B4D64E5F}.Debug|ARM64.Deploy.0 = Debug|ARM64
		{04747DDD-8DE1-407F-BBE6-F571B4D64E5F}.Debug|DeviceController.ActiveCfg = Debug|ARM
		{04747DDD-8DE1-407F-BBE6-F571B4D64E5F}.Debug|DeviceController.Build.0 = Debug|ARM
		{04747DDD-8DE1-407F-BBE6-F571B4D64E5F}.Debug|DeviceController.Deploy.0 = Debug|ARM
		{04747DDD-8DE1-407F-BBE6-F571B4D64E5F}.Debug|LocalHub.ActiveCfg = Debug|ARM
		{04747DDD-8DE1-407F-BBE6-F571B4D64E5F}.Debug|LocalHub.Build.0 = Debug|ARM
		{04747DDD-8DE1-407F-BBE6-F571B4D64E5F}.Debug|LocalHub.Deploy.0 = Debug|ARM
		{04747DDD-8DE1-407F-BBE6-F571B4D64E5F}.Debug|RemoteService.ActiveCfg = Debug|ARM
		{04747DDD-8DE1-407F-BBE6-F571B4D64E5F}.Debug|RemoteService.Build.0 = Debug|ARM
		{04747DDD-8DE1-407F-BBE6-F571B4D64E5F}.Debug|RemoteService.Deploy.0 = Debug|ARM
		{04747DDD-8DE1-407F-BBE6-F571B4D64E5F}.Debug|x64.ActiveCfg = Debug|ARM
		{04747DDD-8DE1-407F-BBE6-F571B4D64E5F}.Debug|x64.Build.0 = Debug|ARM
		{04747DDD-8DE1-407F-BBE6-F571B4D64E5F}.Debug|x64.Deploy.0 = Debug|ARM
		{04747DDD-8DE1-407F-BBE6-F571B4D64E5F}.Debug|x86.ActiveCfg = Debug|ARM
		{04747DDD-8DE1-407F-BBE6-F571B4D64E5F}.Debug|x86.Build.0 = Debug|ARM
		{04747DDD-8DE1-407F-BBE6-F571B4D64E5F}.Debug|x86.Deploy.0 = Debug|ARM
		{04747DDD-8DE1-407F-BBE6-F571B4D64E5F}.Release|Any CPU.ActiveCfg = Release|ARM
		{04747DDD-8DE1-407F-BBE6-F571B4D64E5F}.Release|Any CPU.Build.0 = Release|ARM
		{04747DDD-8DE1-407F-BBE6-F571B4D64E5F}.Release|Any CPU.Deploy.0 = Release|ARM
		{04747DDD-8DE1-407F-BBE6-F571B4D64E5F}.Release|ARM.ActiveCfg = Release|ARM
		{04747DDD-8DE1-407F-BBE6-F571B4D64E5F}.Release|ARM.Build.0 = Release|ARM
		{04747DDD-8DE1-407F-BBE6-F571B4D64E5F}.Release|ARM.Deploy.0 = Release|ARM
		{04747DDD-8DE1-407F-BBE6-F571B4D64E5F}.Release|ARM64.ActiveCfg = Release|ARM64
		{04747DDD-8DE1-407F-BBE6-F571B4D64E5F}.Release|ARM64.Build.0 = Release|ARM64
		{04747DDD-8DE1-407F-BBE6-F571B4D64E5F}.Release|ARM64.Deploy.0 = Release|ARM64
		{04747DDD-8DE1-407F-BBE6-F571B4D64E5F}.Release|DeviceController.ActiveCfg = Release|ARM
		{04747DDD-8DE1-407F-BBE6-F571B4D64E5F}.Release|DeviceController.Build.0 = Release|ARM
		{04747DDD-8DE1-407F-BBE6-F571B4D64E5F}.Release|DeviceController.Deploy.0 = Release|ARM
		{04747DDD-8DE1-407F-BBE6-F571B4D64E5F}.Release|LocalHub.ActiveCfg = Release|ARM
		{04747DDD-8DE1-407F-BBE6-F571B4D64E5F}.Release|LocalHub.Build.0 = Release|ARM
		{04747DDD-8DE1-407F-BBE6-F571B4D64E5F}.Release|LocalHub.Deploy.0 = Release|ARM
		{04747DDD-8DE1-407F-BBE6-F571B4D64E5F}.Release|RemoteService.ActiveCfg = Release|ARM
		{04747DDD-8DE1-407F-BBE6-F571B4D64E5F}.Release|RemoteService.Build.0 = Release|ARM
		{04747DDD-8DE1-407F-BBE6-F571B4D64E5F}.Release|RemoteService.Deploy.0 = Release|ARM
		{04747DDD-8DE1-407F-BBE6-F571B4D64E5F}.Release|x64.ActiveCfg = Release|ARM
		{04747DDD-8DE1-407F-BBE6-F571B4D64E5F}.Release|x64.Build.0 = Release|ARM
		{04747DDD-8DE1-407F-BBE6-F571B4D64E5F}.Release|x64.Deploy.0 = Release|ARM
		{04747DDD-8DE1-407F-BBE6-F571B4D64E5F}.Release|x86.ActiveCfg = Release|ARM
		{04747DDD-8DE1-407F-BBE6-F571B4D64E5F}.Release|x86.Build.0 = Release|ARM
		{04747DDD-8DE1-407F-BBE6-F571B4D64E5F}.Release|x86.Deploy.0 = Release|ARM
		{C82E8DBC-A6FA-4C87-AB66-1A78C8FF399B}.Debug|Any CPU.ActiveCfg = Debug|ARM
		{C82E8DBC-A6FA-4C87-AB66-1A78C8FF399B}.Debug|Any CPU.Build.0 = Debug|ARM
		{C82E8DBC-A6FA-4C87-AB66-1A78C8FF399B}.Debug|Any CPU.Deploy.0 = Debug|ARM
		{C82E8DBC-A6FA-4C87-AB66-1A78C8FF399B}.Debug|ARM.ActiveCfg = Debug|ARM
		{C82E8DBC-A6FA-4C87-AB66-1A78C8FF399B}.Debug|ARM.Build.0 = Debug|ARM
		{C82E8DBC-A6FA-4C87-AB66-1A78C8FF399B}.Debug|ARM.Deploy.0 = Debug|ARM
		{C82E8DBC-A6FA-4C87-AB66-1A78C8FF399B}.Debug|ARM64.ActiveCfg = Debug|ARM64
		{C82E8DBC-A6FA-4C87-AB66-1A78C8FF399B}.Debug|ARM64.Build.0 = Debug|ARM64
		{C82E8DBC-A6FA-4C87-AB66-1A78C8FF399B}.Debug|ARM64.Deploy.0 = Debug|ARM64
		{C82E8DBC-A6FA-4C87-AB66-1A78C8FF399B}.Debug|DeviceController.ActiveCfg = Debug|ARM
		{C82E8DBC-A6FA-4C87-AB66-1A78C8FF399B}.Debug|DeviceController.Build.0 = Debug|ARM
		{C82E8DBC-A6FA-4C87-AB66-1A78C8FF399B}.Debug|DeviceController.Deploy.0 = Debug|ARM
		{C82E8DBC-A6FA-4C87-AB66-1A78C8FF399B}.Debug|LocalHub.ActiveCfg = Debug|ARM
		{C82E8DBC-A6FA-4C87-AB66-1A78C8FF399B}.Debug|LocalHub.Build.0 = Debug|ARM
		{C82E8DBC-A6FA-4C87-AB66-1A78C8FF399B}.Debug|LocalHub.Deploy.0 = Debug|ARM
		{C82E8DBC-A6FA-4C87-AB66-1A78C8FF399B}.Debug|RemoteService.ActiveCfg = Debug|ARM
		{C82E8DBC-A6FA-4C87-AB66-1A78C8FF399B}.Debug|RemoteService.Build.0 = Debug|ARM
		{C82E8DBC-A6FA-4C87-AB66-1A78C8FF399B}.Debug|RemoteService.Deploy.0 = Debug|ARM
		{C82E8DBC-A6FA-4C87-AB66-1A78C8FF399B}.Debug|x64.ActiveCfg = Debug|ARM
		{C82E8DBC-A6FA-4C87-AB66-1A78C8FF399B}.Debug|x64.Build.0 = Debug|ARM
		{C82E8DBC-A6FA-4C87-AB66-1A78C8FF399B}.Debug|x64.Deploy.0 = Debug|ARM
		{C82E8DBC-A6FA-4C87-AB66-1A78C8FF399B}.Debug|x86.ActiveCfg = Debug|ARM
		{C82E8DBC-A6FA-4C87-AB66-1A78C8FF399B}.Debug|x86.Build.0 = Debug|ARM
		{C82E8DBC-A6FA-4C87-AB66-1A78C8FF399B}.Debug|x86.Deploy.0 = Debug|ARM
		{C82E8DBC-A6FA-4C87-AB66-1A78C8FF399B}.Release|Any CPU.ActiveCfg = Release|ARM
		{C82E8DBC-A6FA-4C87-AB66-1A78C8FF399B}.Release|Any CPU.Build.0 = Release|ARM
		{C82E8DBC-A6FA-4C87-AB66-1A78C8FF399B}.Release|Any CPU.Deploy.0 = Release|ARM
		{C82E8DBC-A6FA-4C87-AB66-1A78C8FF399B}.Release|ARM.ActiveCfg = Release|ARM
		{C82E8DBC-A6FA-4C87-AB66-1A78C8FF399B}.Release|ARM.Build.0 = Release|ARM
		{C82E8DBC-A6FA-4C87-AB66-1A78C8FF399B}.Release|ARM.Deploy.0 = Release|ARM
		{C82E8DBC-A6FA-4C87-AB66-1A78C8FF399B}.Release|ARM64.ActiveCfg = Release|ARM64
		{C82E8DBC-A6FA-4C87-AB66-1A78C8FF399B}.Release|ARM64.Build.0 = Release|ARM64
		{C82E8DBC-A6FA-4C87-AB66-1A78C8FF399B}.Release|ARM64.Deploy.0 = Release|ARM64
		{C82E8DBC-A6FA-4C87-AB66-1A78C8FF399B}.Release|DeviceController.ActiveCfg = Release|ARM
		{C82E8DBC-A6FA-4C87-AB66-1A78C8FF399B}.Release|DeviceController.Build.0 = Release|ARM
		{C82E8DBC-A6FA-4C87-AB66-1A78C8FF399B}.Release|DeviceController.Deploy.0 = Release|ARM
		{C82E8DBC-A6FA-4C87-AB66-1A78C8FF399B}.Release|LocalHub.ActiveCfg = Release|ARM
		{C82E8DBC-A6FA-4C87-AB66-1A78C8FF399B}.Release|LocalHub.Build.0 = Release|ARM
		{C82E8DBC-A6FA-4C87-AB66-1A78C8FF399B}.Release|LocalHub.Deploy.0 = Release|ARM
		{C82E8DBC-A6FA-4C87-AB66-1A78C8FF399B}.Release|RemoteService.ActiveCfg = Release|ARM
		{C82E8DBC-A6FA-4C87-AB66-1A78C8FF399B}.Release|RemoteService.Build.0 = Release|ARM
		{C82E8DBC-A6FA-4C87-AB66-1A78C8FF399B}.Release|RemoteService.Deploy.0 = Release|ARM
		{C82E8DBC-A6FA-4C87-AB66-1A78C8FF399B}.Release|x64.ActiveCfg = Release|ARM
		{C82E8DBC-A6FA-4C87-AB66-1A78C8FF399B}.Release|x64.Build.0 = Release|ARM
		{C82E8DBC-A6FA-4C87-AB66-1A78C8FF399B}.Release|x64.Deploy.0 = Release|ARM
		{C82E8DBC-A6FA-4C87-AB66-1A78C8FF399B}.Release|x86.ActiveCfg = Release|ARM
		{C82E8DBC-A6FA-4C87-AB66-1A78C8FF399B}.Release|x86.Build.0 = Release|ARM
		{C82E8DBC-A6FA-4C87-AB66-1A78C8FF399B}.Release|x86.Deploy.0 = Release|ARM
		{10BC0CA5-C2AA-49BD-8DEC-D1D521ADB764}.Debug|Any CPU.ActiveCfg = Debug|ARM
		{10BC0CA5-C2AA-49BD-8DEC-D1D521ADB764}.Debug|Any CPU.Build.0 = Debug|ARM
		{10BC0CA5-C2AA-49BD-8DEC-D1D521ADB764}.Debug|Any CPU.Deploy.0 = Debug|ARM
		{10BC0CA5-C2AA-49BD-8DEC-D1D521ADB764}.Debug|ARM.ActiveCfg = Debug|ARM
		{10BC0CA5-C2AA-49BD-8DEC-D1D521ADB764}.Debug|ARM.Build.0 = Debug|ARM
		{10BC0CA5-C2AA-49BD-8DEC-D1D521ADB764}.Debug|ARM.Deploy.0 = Debug|ARM
		{10BC0CA5-C2AA-49BD-8DEC-D1D521ADB764}.Debug|ARM64.ActiveCfg = Debug|ARM64
		{10BC0CA5-C2AA-49BD-8DEC-D1D521ADB764}.Debug|ARM64.Build.0 = Debug|ARM64
		{10BC0CA5-C2AA-49BD-8DEC-D1D521ADB764}.Debug|ARM64.Deploy.0 = Debug|ARM64
		{10BC0CA5-C2AA-49BD-8DEC-D1D521ADB764}.Debug|DeviceController.ActiveCfg = Debug|ARM
		{10BC0CA5-C2AA-49BD-8DEC-D1D521ADB764}.Debug|DeviceController.Build.0 = Debug|ARM
		{10BC0CA5-C2AA-49BD-8DEC-D1D521ADB764}.Debug|DeviceController.Deploy.0 = Debug|ARM
		{10BC0CA5-C2AA-49BD-8DEC-D1D521ADB764}.Debug|LocalHub.ActiveCfg = Debug|ARM
		{10BC0CA5-C2AA-49BD-8DEC-D1D521ADB764}.Debug|LocalHub.Build.0 = Debug|ARM
		{10BC0CA5-C2AA-49BD-8DEC-D1D521ADB764}.Debug|LocalHub.Deploy.0 = Debug|ARM
		{10BC0CA5-C2AA-49BD-8DEC-D1D521ADB764}.Debug|RemoteService.ActiveCfg = Debug|ARM
		{10BC0CA5-C2AA-49BD-8DEC-D1D521ADB764}.Debug|RemoteService.Build.0 = Debug|ARM
		{10BC0CA5-C2AA-49BD-8DEC-D1D521ADB764}.Debug|RemoteService.Deploy.0 = Debug|ARM
		{10BC0CA5-C2AA-49BD-8DEC-D1D521ADB764}.Debug|x64.ActiveCfg = Debug|ARM
		{10BC0CA5-C2AA-49BD-8DEC-D1D521ADB764}.Debug|x64.Build.0 = Debug|ARM
		{10BC0CA5-C2AA-49BD-8DEC-D1D521ADB764}.Debug|x64.Deploy.0 = Debug|ARM
		{10BC0CA5-C2AA-49BD-8DEC-D1D521ADB764}.Debug|x86.ActiveCfg = Debug|ARM
		{10BC0CA5-C2AA-49BD-8DEC-D1D521ADB764}.Debug|x86.Build.0 = Debug|ARM
		{10BC0CA5-C2AA-49BD-8DEC-D1D521ADB764}.Debug|x86.Deploy.0 = Debug|ARM
		{10BC0CA5-C2AA-49BD-8DEC-D1D521ADB764}.Release|Any CPU.ActiveCfg = Release|ARM
		{10BC0CA5-C2AA-49BD-8DEC-D1D521ADB764}.Release|Any CPU.Build.0 = Release|ARM
		{10BC0CA5-C2AA-49BD-8DEC-D1D521ADB764}.Release|Any CPU.Deploy.0 = Release|ARM
		{10BC0CA5-C2AA-49BD-8DEC-D1D521ADB764}.Release|ARM.ActiveCfg = Release|ARM
		{10BC0CA5-C2AA-49BD-8DEC-D1D521ADB764}.Release|ARM.Build.0 = Release|ARM
		{10BC0CA5-C2AA-49BD-8DEC-D1D521ADB764}.Release|ARM.Deploy.0 = Release|ARM
		{10BC0CA5-C2AA-49BD-8DEC-D1D521ADB764}.Release|ARM64.ActiveCfg = Release|ARM64
		{10BC0CA5-C2AA-49BD-8DEC-D1D521ADB764}.Release|ARM64.Build.0 = Release|ARM64
		{10BC0CA5-C2AA-49BD-8DEC-D1D521ADB764}.Release|ARM64.Deploy.0 = Release|ARM64
		{10BC0CA5-C2AA-49BD-8DEC-D1D521ADB764}.Release|DeviceController.ActiveCfg = Release|ARM
		{10BC0CA5-C2AA-49BD-8DEC-D1D521ADB764}.Release|DeviceController.Build.0 = Release|ARM
		{10BC0CA5-C2AA-49BD-8DEC-D1D521ADB764}.Release|DeviceController.Deploy.0 = Release|ARM
		{10BC0CA5-C2AA-49BD-8DEC-D1D521ADB764}.Release|LocalHub.ActiveCfg = Release|ARM
		{10BC0CA5-C2AA-49BD-8DEC-D1D521ADB764}.Release|LocalHub.Build.0 = Release|ARM
		{10BC0CA5-C2AA-49BD-8DEC-D1D521ADB764}.Release|LocalHub.Deploy.0 = Release|ARM
		{10BC0CA5-C2AA-49BD-8DEC-D1D521ADB764}.Release|RemoteService.ActiveCfg = Release|ARM
		{10BC0CA5-C2AA-49BD-8DEC-D1D521ADB764}.Release|RemoteService.Build.0 = Release|ARM
		{10BC0CA5-C2AA-49BD-8DEC-D1D521ADB764}.Release|RemoteService.Deploy.0 = Release|ARM
		{10BC0CA5-C2AA-49BD-8DEC-D1D521ADB764}.Release|x64.ActiveCfg = Release|ARM
		{10BC0CA5-C2AA-49BD-8DEC-D1D521ADB764}.Release|x64.Build.0 = Release|ARM
		{10BC0CA5-C2AA-49BD-8DEC-D1D521ADB764}.Release|x64.Deploy.0 = Release|ARM
		{10BC0CA5-C2AA-49BD-8DEC-D1D521ADB764}.Release|x86.ActiveCfg = Release|ARM
		{10BC0CA5-C2AA-49BD-8DEC-D1D521ADB764}.Release|x86.Build.0 = Release|ARM
		{10BC0CA5-C2AA-49BD-8DEC-D1D521ADB764}.Release|x86.Deploy.0 = Release|ARM
		{290E227D-8542-4B05-BCB8-2CFA3A1DFC42}.Debug|Any CPU.ActiveCfg = Debug|ARM
		{290E227D-8542-4B05-BCB8-2CFA3A1DFC42}.Debug|Any CPU.Build.0 = Debug|ARM
		{290E227D-8542-4B05-BCB8-2CFA3A1DFC42}.Debug|Any CPU.Deploy.0 = Debug|ARM
		{290E227D-8542-4B05-BCB8-2CFA3A1DFC42}.Debug|ARM.ActiveCfg = Debug|ARM
		{290E227D-8542-4B05-BCB8-2CFA3A1DFC42}.Debug|ARM.Build.0 = Debug|ARM
		{290E227D-8542-4B05-BCB8-2CFA3A1DFC42}.Debug|ARM.Deploy.0 = Debug|ARM
		{290E227D-8542-4B05-BCB8-2CFA3A1DFC42}.Debug|ARM64.ActiveCfg = Debug|ARM64
		{290E227D-8542-4B05-BCB8-2CFA3A1DFC42}.Debug|ARM64.Build.0 = Debug|ARM64
		{290E227D-8542-4B05-BCB8-2CFA3A1DFC42}.Debug|ARM64.Deploy.0 = Debug|ARM64
		{290E227D-8542-4B05-BCB8-2CFA3A1DFC42}.Debug|DeviceController.ActiveCfg = Debug|ARM
		{290E227D-8542-4B05-BCB8-2CFA3A1DFC42}.Debug|DeviceController.Build.0 = Debug|ARM
		{290E227D-8542-4B05-BCB8-2CFA3A1DFC42}.Debug|DeviceController.Deploy.0 = Debug|ARM
		{290E227D-8542-4B05-BCB8-2CFA3A1DFC42}.Debug|LocalHub.ActiveCfg = Debug|ARM
		{290E227D-8542-4B05-BCB8-2CFA3A1DFC42}.Debug|LocalHub.Build.0 = Debug|ARM
		{290E227D-8542-4B05-BCB8-2CFA3A1DFC42}.Debug|LocalHub.Deploy.0 = Debug|ARM
		{290E227D-8542-4B05-BCB8-2CFA3A1DFC42}.Debug|RemoteService.ActiveCfg = Debug|ARM
		{290E227D-8542-4B05-BCB8-2CFA3A1DFC42}.Debug|RemoteService.Build.0 = Debug|ARM
		{290E227D-8542-4B05-BCB8-2CFA3A1DFC42}.Debug|RemoteService.Deploy.0 = Debug|ARM
		{290E227D-8542-4B05-BCB8-2CFA3A1DFC42}.Debug|x64.ActiveCfg = Debug|ARM
		{290E227D-8542-4B05-BCB8-2CFA3A1DFC42}.Debug|x64.Build.0 = Debug|ARM
		{290E227D-8542-4B05-BCB8-2CFA3A1DFC42}.Debug|x64.Deploy.0 = Debug|ARM
		{290E227D-8542-4B05-BCB8-2CFA3A1DFC42}.Debug|x86.ActiveCfg = Debug|ARM
		{290E227D-8542-4B05-BCB8-2CFA3A1DFC42}.Debug|x86.Build.0 = Debug|ARM
		{290E227D-8542-4B05-BCB8-2CFA3A1DFC42}.Debug|x86.Deploy.0 = Debug|ARM
		{290E227D-8542-4B05-BCB8-2CFA3A1DFC42}.Release|Any CPU.ActiveCfg = Release|ARM
		{290E227D-8542-4B05-BCB8-2CFA3A1DFC42}.Release|Any CPU.Build.0 = Release|ARM
		{290E227D-8542-4B05-BCB8-2CFA3A1DFC42}.Release|Any CPU.Deploy.0 = Release|ARM
		{290E227D-8542-4B05-BCB8-2CFA3A1DFC42}.Release|ARM.ActiveCfg = Release|ARM
		{290E227D-8542-4B05-BCB8-2CFA3A1DFC42}.Release|ARM.Build.0 = Release|ARM
		{290E227D-8542-4B05-BCB8-2CFA3A1DFC42}.Release|ARM.Deploy.0 = Release|ARM
		{290E227D-8542-4B05-BCB8-2CFA3A1DFC42}.Release|ARM64.ActiveCfg = Release|ARM64
		{290E227D-8542-4B05-BCB8-2CFA3A1DFC42}.Release|ARM64.Build.0 = Release|ARM64
		{290E227D-8542-4B05-BCB8-2CFA3A1DFC42}.Release|ARM64.Deploy.0 = Release|ARM64
		{290E227D-8542-4B05-BCB8-2CFA3A1DFC42}.Release|DeviceController.ActiveCfg = Release|ARM
		{290E227D-8542-4B05-BCB8-2CFA3A1DFC42}.Release|DeviceController.Build.0 = Release|ARM
		{290E227D-8542-4B05-BCB8-2CFA3A1DFC42}.Release|DeviceController.Deploy.0 = Release|ARM
		{290E227D-8542-4B05-BCB8-2CFA3A1DFC42}.Release|LocalHub.ActiveCfg = Release|ARM
		{290E227D-8542-4B05-BCB8-2CFA3A1DFC42}.Release|LocalHub.Build.0 = Release|ARM
		{290E227D-8542-4B05-BCB8-2CFA3A1DFC42}.Release|LocalHub.Deploy.0 = Release|ARM
		{290E227D-8542-4B05-BCB8-2CFA3A1DFC42}.Release|RemoteService.ActiveCfg = Release|ARM
		{290E227D-8542-4B05-BCB8-2CFA3A1DFC42}.Release|RemoteService.Build.0 = Release|ARM
		{290E227D-8542-4B05-BCB8-2CFA3A1DFC42}.Release|RemoteService.Deploy.0 = Release|ARM
		{290E227D-8542-4B05-BCB8-2CFA3A1DFC42}.Release|x64.ActiveCfg = Release|ARM
		{290E227D-8542-4B05-BCB8-2CFA3A1DFC42}.Release|x64.Build.0 = Release|ARM
		{290E227D-8542-4B05-BCB8-2CFA3A1DFC42}.Release|x64.Deploy.0 = Release|ARM
		{290E227D-8542-4B05-BCB8-2CFA3A1DFC42}.Release|x86.ActiveCfg = Release|ARM
		{290E227D-8542-4B05-BCB8-2CFA3A1DFC42}.Release|x86.Build.0 = Release|ARM
		{290E227D-8542-4B05-BCB8-2CFA3A1DFC42}.Release|x86.Deploy.0 = Release|ARM
		{0D33CA40-25AA-4581-B299-D21C942884A6}.Debug|Any CPU.ActiveCfg = Debug|ARM
		{0D33CA40-25AA-4581-B299-D21C942884A6}.Debug|Any CPU.Build.0 = Debug|ARM
		{0D33CA40-25AA-4581-B299-D21C942884A6}.Debug|Any CPU.Deploy.0 = Debug|ARM
		{0D33CA40-25AA-4581-B299-D21C942884A6}.Debug|ARM.ActiveCfg = Debug|ARM
		{0D33CA40-25AA-4581-B299-D21C942884A6}.Debug|ARM.Build.0 = Debug|ARM
		{0D33CA40-25AA-4581-B299-D21C942884A6}.Debug|ARM.Deploy.0 = Debug|ARM
		{0D33CA40-25AA-4581-B299-D21C942884A6}.Debug|ARM64.ActiveCfg = Debug|ARM64
		{0D33CA40-25AA-4581-B299-D21C942884A6}.Debug|ARM64.Build.0 = Debug|ARM64
		{0D33CA40-25AA-4581-B299-D21C942884A6}.Debug|ARM64.Deploy.0 = Debug|ARM64
		{0D33CA40-25AA-4581-B299-D21C942884A6}.Debug|DeviceController.ActiveCfg = Debug|ARM
		{0D33CA40-25AA-4581-B299-D21C942884A6}.Debug|DeviceController.Build.0 = Debug|ARM
		{0D33CA40-25AA-4581-B299-D21C942884A6}.Debug|DeviceController.Deploy.0 = Debug|ARM
		{0D33CA40-25AA-4581-B299-D21C942884A6}.Debug|LocalHub.ActiveCfg = Debug|ARM
		{0D33CA40-25AA-4581-B299-D21C942884A6}.Debug|LocalHub.Build.0 = Debug|ARM
		{0D33CA40-25AA-4581-B299-D21C942884A6}.Debug|LocalHub.Deploy.0 = Debug|ARM
		{0D33CA40-25AA-4581-B299-D21C942884A6}.Debug|RemoteService.ActiveCfg = Debug|ARM
		{0D33CA40-25AA-4581-B299-D21C942884A6}.Debug|RemoteService.Build.0 = Debug|ARM
		{0D33CA40-25AA-4581-B299-D21C942884A6}.Debug|RemoteService.Deploy.0 = Debug|ARM
		{0D33CA40-25AA-4581-B299-D21C942884A6}.Debug|x64.ActiveCfg = Debug|ARM
		{0D33CA40-25AA-4581-B299-D21C942884A6}.Debug|x64.Build.0 = Debug|ARM
		{0D33CA40-25AA-4581-B299-D21C942884A6}.Debug|x64.Deploy.0 = Debug|ARM
		{0D33CA40-25AA-4581-B299-D21C942884A6}.Debug|x86.ActiveCfg = Debug|ARM
		{0D33CA40-25AA-4581-B299-D21C942884A6}.Debug|x86.Build.0 = Debug|ARM
		{0D33CA40-25AA-4581-B299-D21C942884A6}.Debug|x86.Deploy.0 = Debug|ARM
		{0D33CA40-25AA-4581-B299-D21C942884A6}.Release|Any CPU.ActiveCfg = Release|ARM
		{0D33CA40-25AA-4581-B299-D21C942884A6}.Release|Any CPU.Build.0 = Release|ARM
		{0D33CA40-25AA-4581-B299-D21C942884A6}.Release|Any CPU.Deploy.0 = Release|ARM
		{0D33CA40-25AA-4581-B299-D21C942884A6}.Release|ARM.ActiveCfg = Release|ARM
		{0D33CA40-25AA-4581-B299-D21C942884A6}.Release|ARM.Build.0 = Release|ARM
		{0D33CA40-25AA-4581-B299-D21C942884A6}.Release|ARM.Deploy.0 = Release|ARM
		{0D33CA40-25AA-4581-B299-D21C942884A6}.Release|ARM64.ActiveCfg = Release|ARM64
		{0D33CA40-25AA-4581-B299-D21C942884A6}.Release|ARM64.Build.0 = Release|ARM64
		{0D33CA40-25AA-4581-B299-D21C942884A6}.Release|ARM64.Deploy.0 = Release|ARM64
		{0D33CA40-25AA-4581-B299-D21C942884A6}.Release|DeviceController.ActiveCfg = Release|ARM
		{0D33CA40-25AA-4581-B299-D21C942884A6}.Release|DeviceController.Build.0 = Release|ARM
		{0D33CA40-25AA-4581-B299-D21C942884A6}.Release|DeviceController.Deploy.0 = Release|ARM
		{0D33CA40-25AA-4581-B299-D21C942884A6}.Release|LocalHub.ActiveCfg = Release|ARM
		{0D33CA40-25AA-4581-B299-D21C942884A6}.Release|LocalHub.Build.0 = Release|ARM
		{0D33CA40-25AA-4581-B299-D21C942884A6}.Release|LocalHub.Deploy.0 = Release|ARM
		{0D33CA40-25AA-4581-B299-D21C942884A6}.Release|RemoteService.ActiveCfg = Release|ARM
		{0D33CA40-25AA-4581-B299-D21C942884A6}.Release|RemoteService.Build.0 = Release|ARM
		{0D33CA40-25AA-4581-B299-D21C942884A6}.Release|RemoteService.Deploy.0 = Release|ARM
		{0D33CA40-25AA-4581-B299-D21C942884A6}.Release|x64.ActiveCfg = Release|ARM
		{0D33CA40-25AA-4581-B299-D21C942884A6}.Release|x64.Build.0 = Release|ARM
		{0D33CA40-25AA-4581-B299-D21C942884A6}.Release|x64.Deploy.0 = Release|ARM
		{0D33CA40-25AA-4581-B299-D21C942884A6}.Release|x86.ActiveCfg = Release|ARM
		{0D33CA40-25AA-4581-B299-D21C942884A6}.Release|x86.Build.0 = Release|ARM
		{0D33CA40-25AA-4581-B299-D21C942884A6}.Release|x86.Deploy.0 = Release|ARM
		{CAAA318C-CA1A-4537-AD85-664DE3EFB827}.Debug|Any CPU.ActiveCfg = Debug|ARM
		{CAAA318C-CA1A-4537-AD85-664DE3EFB827}.Debug|Any CPU.Build.0 = Debug|ARM
		{CAAA318C-CA1A-4537-AD85-664DE3EFB827}.Debug|Any CPU.Deploy.0 = Debug|ARM
		{CAAA318C-CA1A-4537-AD85-664DE3EFB827}.Debug|ARM.ActiveCfg = Debug|ARM
		{CAAA318C-CA1A-4537-AD85-664DE3EFB827}.Debug|ARM.Build.0 = Debug|ARM
		{CAAA318C-CA1A-4537-AD85-664DE3EFB827}.Debug|ARM.Deploy.0 = Debug|ARM
		{CAAA318C-CA1A-4537-AD85-664DE3EFB827}.Debug|ARM64.ActiveCfg = Debug|ARM64
		{CAAA318C-CA1A-4537-AD85-664DE3EFB827}.Debug|ARM64.Build.0 = Debug|ARM64
		{CAAA318C-CA1A-4537-AD85-664DE3EFB827}.Debug|ARM64.Deploy.0 = Debug|ARM64
		{CAAA318C-CA1A-4537-AD85-664DE3EFB827}.Debug|DeviceController.ActiveCfg = Debug|ARM
		{CAAA318C-CA1A-4537-AD85-664DE3EFB827}.Debug|DeviceController.Build.0 = Debug|ARM
		{CAAA318C-CA1A-4537-AD85-664DE3EFB827}.Debug|DeviceController.Deploy.0 = Debug|ARM
		{CAAA318C-CA1A-4537-AD85-664DE3EFB827}.Debug|LocalHub.ActiveCfg = Debug|ARM
		{CAAA318C-CA1A-4537-AD85-664DE3EFB827}.Debug|LocalHub.Build.0 = Debug|ARM
		{CAAA318C-CA1A-4537-AD85-664DE3EFB827}.Debug|LocalHub.Deploy.0 = Debug|ARM
		{CAAA318C-CA1A-4537-AD85-664DE3EFB827}.Debug|RemoteService.ActiveCfg = Debug|ARM
		{CAAA318C-CA1A-4537-AD85-664DE3EFB827}.Debug|RemoteService.Build.0 = Debug|ARM
		{CAAA318C-CA1A-4537-AD85-664DE3EFB827}.Debug|RemoteService.Deploy.0 = Debug|ARM
		{CAAA318C-CA1A-4537-AD85-664DE3EFB827}.Debug|x64.ActiveCfg = Debug|ARM
		{CAAA318C-CA1A-4537-AD85-664DE3EFB827}.Debug|x64.Build.0 = Debug|ARM
		{CAAA318C-CA1A-4537-AD85-664DE3EFB827}.Debug|x64.Deploy.0 = Debug|ARM
		{CAAA318C-CA1A-4537-AD85-664DE3EFB827}.Debug|x86.ActiveCfg = Debug|ARM
		{CAAA318C-CA1A-4537-AD85-664DE3EFB827}.Debug|x86.Build.0 = Debug|ARM
		{CAAA318C-CA1A-4537-AD85-664DE3EFB827}.Debug|x86.Deploy.0 = Debug|ARM
		{CAAA318C-CA1A-4537-AD85-664DE3EFB827}.Release|Any CPU.ActiveCfg = Release|ARM
		{CAAA318C-CA1A-4537-AD85-664DE3EFB827}.Release|Any CPU.Build.0 = Release|ARM
		{CAAA318C-CA1A-4537-AD85-664DE3EFB827}.Release|Any CPU.Deploy.0 = Release|ARM
		{CAAA318C-CA1A-4537-AD85-664DE3EFB827}.Release|ARM.ActiveCfg = Release|ARM
		{CAAA318C-CA1A-4537-AD85-664DE3EFB827}.Release|ARM.Build.0 = Release|ARM
		{CAAA318C-CA1A-4537-AD85-664DE3EFB827}.Release|ARM.Deploy.0 = Release|ARM
		{CAAA318C-CA1A-4537-AD85-664DE3EFB827}.Release|ARM64.ActiveCfg = Release|ARM64
		{CAAA318C-CA1A-4537-AD85-664DE3EFB827}.Release|ARM64.Build.0 = Release|ARM64
		{CAAA318C-CA1A-4537-AD85-664DE3EFB827}.Release|ARM64.Deploy.0 = Release|ARM64
		{CAAA318C-CA1A-4537-AD85-664DE3EFB827}.Release|DeviceController.ActiveCfg = Release|ARM
		{CAAA318C-CA1A-4537-AD85-664DE3EFB827}.Release|DeviceController.Build.0 = Release|ARM
		{CAAA318C-CA1A-4537-AD85-664DE3EFB827}.Release|DeviceController.Deploy.0 = Release|ARM
		{CAAA318C-CA1A-4537-AD85-664DE3EFB827}.Release|LocalHub.ActiveCfg = Release|ARM
		{CAAA318C-CA1A-4537-AD85-664DE3EFB827}.Release|LocalHub.Build.0 = Release|ARM
		{CAAA318C-CA1A-4537-AD85-664DE3EFB827}.Release|LocalHub.Deploy.0 = Release|ARM
		{CAAA318C-CA1A-4537-AD85-664DE3EFB827}.Release|RemoteService.ActiveCfg = Release|ARM
		{CAAA318C-CA1A-4537-AD85-664DE3EFB827}.Release|RemoteService.Build.0 = Release|ARM
		{CAAA318C-CA1A-4537-AD85-664DE3EFB827}.Release|RemoteService.Deploy.0 = Release|ARM
		{CAAA318C-CA1A-4537-AD85-664DE3EFB827}.Release|x64.ActiveCfg = Release|ARM
		{CAAA318C-CA1A-4537-AD85-664DE3EFB827}.Release|x64.Build.0 = Release|ARM
		{CAAA318C-CA1A-4537-AD85-664DE3EFB827}.Release|x64.Deploy.0 = Release|ARM
		{CAAA318C-CA1A-4537-AD85-664DE3EFB827}.Release|x86.ActiveCfg = Release|ARM
		{CAAA318C-CA1A-4537-AD85-664DE3EFB827}.Release|x86.Build.0 = Release|ARM
		{CAAA318C-CA1A-4537-AD85-664DE3EFB827}.Release|x86.Deploy.0 = Release|ARM
		{0849A444-CA19-4F42-B099-A78E7EC372B3}.Debug|Any CPU.ActiveCfg = Debug|Any CPU
		{0849A444-CA19-4F42-B099-A78E7EC372B3}.Debug|Any CPU.Build.0 = Debug|Any CPU
		{0849A444-CA19-4F42-B099-A78E7EC372B3}.Debug|ARM.ActiveCfg = Debug|Any CPU
		{0849A444-CA19-4F42-B099-A78E7EC372B3}.Debug|ARM.Build.0 = Debug|Any CPU
		{0849A444-CA19-4F42-B099-A78E7EC372B3}.Debug|ARM64.ActiveCfg = Debug|Any CPU
		{0849A444-CA19-4F42-B099-A78E7EC372B3}.Debug|ARM64.Build.0 = Debug|Any CPU
		{0849A444-CA19-4F42-B099-A78E7EC372B3}.Debug|DeviceController.ActiveCfg = Debug|Any CPU
		{0849A444-CA19-4F42-B099-A78E7EC372B3}.Debug|DeviceController.Build.0 = Debug|Any CPU
		{0849A444-CA19-4F42-B099-A78E7EC372B3}.Debug|LocalHub.ActiveCfg = Debug|Any CPU
		{0849A444-CA19-4F42-B099-A78E7EC372B3}.Debug|LocalHub.Build.0 = Debug|Any CPU
		{0849A444-CA19-4F42-B099-A78E7EC372B3}.Debug|RemoteService.ActiveCfg = Debug|Any CPU
		{0849A444-CA19-4F42-B099-A78E7EC372B3}.Debug|RemoteService.Build.0 = Debug|Any CPU
		{0849A444-CA19-4F42-B099-A78E7EC372B3}.Debug|x64.ActiveCfg = Debug|Any CPU
		{0849A444-CA19-4F42-B099-A78E7EC372B3}.Debug|x64.Build.0 = Debug|Any CPU
		{0849A444-CA19-4F42-B099-A78E7EC372B3}.Debug|x86.ActiveCfg = Debug|Any CPU
		{0849A444-CA19-4F42-B099-A78E7EC372B3}.Debug|x86.Build.0 = Debug|Any CPU
		{0849A444-CA19-4F42-B099-A78E7EC372B3}.Release|Any CPU.ActiveCfg = Release|Any CPU
		{0849A444-CA19-4F42-B099-A78E7EC372B3}.Release|Any CPU.Build.0 = Release|Any CPU
		{0849A444-CA19-4F42-B099-A78E7EC372B3}.Release|ARM.ActiveCfg = Release|Any CPU
		{0849A444-CA19-4F42-B099-A78E7EC372B3}.Release|ARM.Build.0 = Release|Any CPU
		{0849A444-CA19-4F42-B099-A78E7EC372B3}.Release|ARM64.ActiveCfg = Release|Any CPU
		{0849A444-CA19-4F42-B099-A78E7EC372B3}.Release|ARM64.Build.0 = Release|Any CPU
		{0849A444-CA19-4F42-B099-A78E7EC372B3}.Release|DeviceController.ActiveCfg = Release|Any CPU
		{0849A444-CA19-4F42-B099-A78E7EC372B3}.Release|DeviceController.Build.0 = Release|Any CPU
		{0849A444-CA19-4F42-B099-A78E7EC372B3}.Release|LocalHub.ActiveCfg = Release|Any CPU
		{0849A444-CA19-4F42-B099-A78E7EC372B3}.Release|LocalHub.Build.0 = Release|Any CPU
		{0849A444-CA19-4F42-B099-A78E7EC372B3}.Release|RemoteService.ActiveCfg = Release|Any CPU
		{0849A444-CA19-4F42-B099-A78E7EC372B3}.Release|RemoteService.Build.0 = Release|Any CPU
		{0849A444-CA19-4F42-B099-A78E7EC372B3}.Release|x64.ActiveCfg = Release|Any CPU
		{0849A444-CA19-4F42-B099-A78E7EC372B3}.Release|x64.Build.0 = Release|Any CPU
		{0849A444-CA19-4F42-B099-A78E7EC372B3}.Release|x86.ActiveCfg = Release|Any CPU
		{0849A444-CA19-4F42-B099-A78E7EC372B3}.Release|x86.Build.0 = Release|Any CPU
		{DDEAE0A2-9E3A-42C3-ABBA-A394FFCB7CD9}.Debug|Any CPU.ActiveCfg = Debug|Any CPU
		{DDEAE0A2-9E3A-42C3-ABBA-A394FFCB7CD9}.Debug|Any CPU.Build.0 = Debug|Any CPU
		{DDEAE0A2-9E3A-42C3-ABBA-A394FFCB7CD9}.Debug|ARM.ActiveCfg = Debug|Any CPU
		{DDEAE0A2-9E3A-42C3-ABBA-A394FFCB7CD9}.Debug|ARM.Build.0 = Debug|Any CPU
		{DDEAE0A2-9E3A-42C3-ABBA-A394FFCB7CD9}.Debug|ARM64.ActiveCfg = Debug|Any CPU
		{DDEAE0A2-9E3A-42C3-ABBA-A394FFCB7CD9}.Debug|ARM64.Build.0 = Debug|Any CPU
		{DDEAE0A2-9E3A-42C3-ABBA-A394FFCB7CD9}.Debug|DeviceController.ActiveCfg = Debug|Any CPU
		{DDEAE0A2-9E3A-42C3-ABBA-A394FFCB7CD9}.Debug|DeviceController.Build.0 = Debug|Any CPU
		{DDEAE0A2-9E3A-42C3-ABBA-A394FFCB7CD9}.Debug|LocalHub.ActiveCfg = Debug|Any CPU
		{DDEAE0A2-9E3A-42C3-ABBA-A394FFCB7CD9}.Debug|LocalHub.Build.0 = Debug|Any CPU
		{DDEAE0A2-9E3A-42C3-ABBA-A394FFCB7CD9}.Debug|RemoteService.ActiveCfg = Debug|Any CPU
		{DDEAE0A2-9E3A-42C3-ABBA-A394FFCB7CD9}.Debug|RemoteService.Build.0 = Debug|Any CPU
		{DDEAE0A2-9E3A-42C3-ABBA-A394FFCB7CD9}.Debug|x64.ActiveCfg = Debug|Any CPU
		{DDEAE0A2-9E3A-42C3-ABBA-A394FFCB7CD9}.Debug|x64.Build.0 = Debug|Any CPU
		{DDEAE0A2-9E3A-42C3-ABBA-A394FFCB7CD9}.Debug|x86.ActiveCfg = Debug|Any CPU
		{DDEAE0A2-9E3A-42C3-ABBA-A394FFCB7CD9}.Debug|x86.Build.0 = Debug|Any CPU
		{DDEAE0A2-9E3A-42C3-ABBA-A394FFCB7CD9}.Release|Any CPU.ActiveCfg = Release|Any CPU
		{DDEAE0A2-9E3A-42C3-ABBA-A394FFCB7CD9}.Release|Any CPU.Build.0 = Release|Any CPU
		{DDEAE0A2-9E3A-42C3-ABBA-A394FFCB7CD9}.Release|ARM.ActiveCfg = Release|Any CPU
		{DDEAE0A2-9E3A-42C3-ABBA-A394FFCB7CD9}.Release|ARM.Build.0 = Release|Any CPU
		{DDEAE0A2-9E3A-42C3-ABBA-A394FFCB7CD9}.Release|ARM64.ActiveCfg = Release|Any CPU
		{DDEAE0A2-9E3A-42C3-ABBA-A394FFCB7CD9}.Release|ARM64.Build.0 = Release|Any CPU
		{DDEAE0A2-9E3A-42C3-ABBA-A394FFCB7CD9}.Release|DeviceController.ActiveCfg = Release|Any CPU
		{DDEAE0A2-9E3A-42C3-ABBA-A394FFCB7CD9}.Release|DeviceController.Build.0 = Release|Any CPU
		{DDEAE0A2-9E3A-42C3-ABBA-A394FFCB7CD9}.Release|LocalHub.ActiveCfg = Release|Any CPU
		{DDEAE0A2-9E3A-42C3-ABBA-A394FFCB7CD9}.Release|LocalHub.Build.0 = Release|Any CPU
		{DDEAE0A2-9E3A-42C3-ABBA-A394FFCB7CD9}.Release|RemoteService.ActiveCfg = Release|Any CPU
		{DDEAE0A2-9E3A-42C3-ABBA-A394FFCB7CD9}.Release|RemoteService.Build.0 = Release|Any CPU
		{DDEAE0A2-9E3A-42C3-ABBA-A394FFCB7CD9}.Release|x64.ActiveCfg = Release|Any CPU
		{DDEAE0A2-9E3A-42C3-ABBA-A394FFCB7CD9}.Release|x64.Build.0 = Release|Any CPU
		{DDEAE0A2-9E3A-42C3-ABBA-A394FFCB7CD9}.Release|x86.ActiveCfg = Release|Any CPU
		{DDEAE0A2-9E3A-42C3-ABBA-A394FFCB7CD9}.Release|x86.Build.0 = Release|Any CPU
	EndGlobalSection
	GlobalSection(SolutionProperties) = preSolution
		HideSolutionNode = FALSE
	EndGlobalSection
	GlobalSection(NestedProjects) = preSolution
		{1A395BCB-AF06-4D65-9CB9-C45BB04E1F74} = {9B57B696-FF77-4C0D-9555-44315BF0D990}
		{E75CE908-A038-494A-B319-2E91669273CF} = {9B57B696-FF77-4C0D-9555-44315BF0D990}
		{29E9C41D-4F57-431C-B557-6E54F5D6766D} = {426910C8-8122-4EAD-B8D9-1275004192A5}
		{689B3678-F62A-4A30-8F4A-CF4DE2618993} = {9B57B696-FF77-4C0D-9555-44315BF0D990}
		{360B25E2-AEFC-4BFA-9109-F66059BD232C} = {689B3678-F62A-4A30-8F4A-CF4DE2618993}
		{01D495BE-C6A9-47A7-AEF3-06F329522592} = {9B57B696-FF77-4C0D-9555-44315BF0D990}
		{FF854B2A-6E36-4FF2-852E-A56490859A95} = {01D495BE-C6A9-47A7-AEF3-06F329522592}
		{0BEDAEC7-9967-4102-8CFC-14B2D2ABEFAF} = {1A395BCB-AF06-4D65-9CB9-C45BB04E1F74}
		{287DE3F3-3D6B-44F8-99F4-FA72EAFF416D} = {E75CE908-A038-494A-B319-2E91669273CF}
		{04747DDD-8DE1-407F-BBE6-F571B4D64E5F} = {79540616-0328-455D-A819-A8A9F70E2B5F}
		{C82E8DBC-A6FA-4C87-AB66-1A78C8FF399B} = {EFF1C605-CB28-4295-8A0A-5680C7D9196C}
		{10BC0CA5-C2AA-49BD-8DEC-D1D521ADB764} = {EFF1C605-CB28-4295-8A0A-5680C7D9196C}
		{290E227D-8542-4B05-BCB8-2CFA3A1DFC42} = {AEC2EED2-6C69-413C-B013-8E6881AB9D4A}
		{0D33CA40-25AA-4581-B299-D21C942884A6} = {EF324D72-09C9-4864-8D81-96BA130D970E}
		{CAAA318C-CA1A-4537-AD85-664DE3EFB827} = {EFF1C605-CB28-4295-8A0A-5680C7D9196C}
		{AEC2EED2-6C69-413C-B013-8E6881AB9D4A} = {96F895FF-813E-469F-834D-3249281F8C6B}
		{79540616-0328-455D-A819-A8A9F70E2B5F} = {96F895FF-813E-469F-834D-3249281F8C6B}
		{EFF1C605-CB28-4295-8A0A-5680C7D9196C} = {96F895FF-813E-469F-834D-3249281F8C6B}
		{EF324D72-09C9-4864-8D81-96BA130D970E} = {96F895FF-813E-469F-834D-3249281F8C6B}
		{426910C8-8122-4EAD-B8D9-1275004192A5} = {F563B1A2-1ED5-410D-B0F9-2F370BB17925}
		{0849A444-CA19-4F42-B099-A78E7EC372B3} = {E75CE908-A038-494A-B319-2E91669273CF}
		{DDEAE0A2-9E3A-42C3-ABBA-A394FFCB7CD9} = {E75CE908-A038-494A-B319-2E91669273CF}
	EndGlobalSection
	GlobalSection(ExtensibilityGlobals) = postSolution
		SolutionGuid = {E64E3593-77B9-4865-9501-052D221770FC}
	EndGlobalSection
EndGlobal
