
Microsoft Visual Studio Solution File, Format Version 12.00
# Visual Studio Version 17
VisualStudioVersion = 17.8.34205.153
MinimumVisualStudioVersion = 10.0.40219.1
Project("{8BC9CEB8-8B4A-11D0-8D11-00A0C91BC942}") = "DeviceController", "DeviceController\DeviceController.vcxproj", "{0D33CA40-25AA-4581-B299-D21C942884A6}"
EndProject
Project("{2150E333-8FDC-42A3-9474-1A3956D46DE8}") = "Solution Items", "Solution Items", "{73090D2C-2AA4-46EE-9C99-2D2E5E49D3E9}"
	ProjectSection(SolutionItems) = preProject
		..\Infrastructure\DeviceController\Dockerfile = ..\Infrastructure\DeviceController\Dockerfile
		testenvironments.json = testenvironments.json
	EndProjectSection
EndProject
Project("{8BC9CEB8-8B4A-11D0-8D11-00A0C91BC942}") = "DeviceController.UnitTests", "DeviceController.UnitTests\DeviceController.UnitTests.vcxproj", "{7BA19862-C10A-4FAB-8E81-01CC11144D7C}"
EndProject
Global
	GlobalSection(SolutionConfigurationPlatforms) = preSolution
		Debug|ARM = Debug|ARM
		Debug|ARM64 = Debug|ARM64
		Debug|x64 = Debug|x64
		Debug|x86 = Debug|x86
		Release|ARM = Release|ARM
		Release|ARM64 = Release|ARM64
		Release|x64 = Release|x64
		Release|x86 = Release|x86
	EndGlobalSection
	GlobalSection(ProjectConfigurationPlatforms) = postSolution
		{0D33CA40-25AA-4581-B299-D21C942884A6}.Debug|ARM.ActiveCfg = Debug|ARM
		{0D33CA40-25AA-4581-B299-D21C942884A6}.Debug|ARM.Build.0 = Debug|ARM
		{0D33CA40-25AA-4581-B299-D21C942884A6}.Debug|ARM.Deploy.0 = Debug|ARM
		{0D33CA40-25AA-4581-B299-D21C942884A6}.Debug|ARM64.ActiveCfg = Debug|ARM64
		{0D33CA40-25AA-4581-B299-D21C942884A6}.Debug|ARM64.Build.0 = Debug|ARM64
		{0D33CA40-25AA-4581-B299-D21C942884A6}.Debug|ARM64.Deploy.0 = Debug|ARM64
		{0D33CA40-25AA-4581-B299-D21C942884A6}.Debug|x64.ActiveCfg = Debug|ARM
		{0D33CA40-25AA-4581-B299-D21C942884A6}.Debug|x64.Build.0 = Debug|ARM
		{0D33CA40-25AA-4581-B299-D21C942884A6}.Debug|x64.Deploy.0 = Debug|ARM
		{0D33CA40-25AA-4581-B299-D21C942884A6}.Debug|x86.ActiveCfg = Debug|ARM
		{0D33CA40-25AA-4581-B299-D21C942884A6}.Debug|x86.Build.0 = Debug|ARM
		{0D33CA40-25AA-4581-B299-D21C942884A6}.Debug|x86.Deploy.0 = Debug|ARM
		{0D33CA40-25AA-4581-B299-D21C942884A6}.Release|ARM.ActiveCfg = Release|ARM
		{0D33CA40-25AA-4581-B299-D21C942884A6}.Release|ARM.Build.0 = Release|ARM
		{0D33CA40-25AA-4581-B299-D21C942884A6}.Release|ARM.Deploy.0 = Release|ARM
		{0D33CA40-25AA-4581-B299-D21C942884A6}.Release|ARM64.ActiveCfg = Release|ARM64
		{0D33CA40-25AA-4581-B299-D21C942884A6}.Release|ARM64.Build.0 = Release|ARM64
		{0D33CA40-25AA-4581-B299-D21C942884A6}.Release|ARM64.Deploy.0 = Release|ARM64
		{0D33CA40-25AA-4581-B299-D21C942884A6}.Release|x64.ActiveCfg = Release|ARM
		{0D33CA40-25AA-4581-B299-D21C942884A6}.Release|x64.Build.0 = Release|ARM
		{0D33CA40-25AA-4581-B299-D21C942884A6}.Release|x64.Deploy.0 = Release|ARM
		{0D33CA40-25AA-4581-B299-D21C942884A6}.Release|x86.ActiveCfg = Release|ARM
		{0D33CA40-25AA-4581-B299-D21C942884A6}.Release|x86.Build.0 = Release|ARM
		{0D33CA40-25AA-4581-B299-D21C942884A6}.Release|x86.Deploy.0 = Release|ARM
		{7BA19862-C10A-4FAB-8E81-01CC11144D7C}.Debug|ARM.ActiveCfg = Debug|x64
		{7BA19862-C10A-4FAB-8E81-01CC11144D7C}.Debug|ARM.Build.0 = Debug|x64
		{7BA19862-C10A-4FAB-8E81-01CC11144D7C}.Debug|ARM64.ActiveCfg = Debug|x64
		{7BA19862-C10A-4FAB-8E81-01CC11144D7C}.Debug|ARM64.Build.0 = Debug|x64
		{7BA19862-C10A-4FAB-8E81-01CC11144D7C}.Debug|x64.ActiveCfg = Debug|x64
		{7BA19862-C10A-4FAB-8E81-01CC11144D7C}.Debug|x64.Build.0 = Debug|x64
		{7BA19862-C10A-4FAB-8E81-01CC11144D7C}.Debug|x86.ActiveCfg = Debug|Win32
		{7BA19862-C10A-4FAB-8E81-01CC11144D7C}.Debug|x86.Build.0 = Debug|Win32
		{7BA19862-C10A-4FAB-8E81-01CC11144D7C}.Release|ARM.ActiveCfg = Release|x64
		{7BA19862-C10A-4FAB-8E81-01CC11144D7C}.Release|ARM.Build.0 = Release|x64
		{7BA19862-C10A-4FAB-8E81-01CC11144D7C}.Release|ARM64.ActiveCfg = Release|x64
		{7BA19862-C10A-4FAB-8E81-01CC11144D7C}.Release|ARM64.Build.0 = Release|x64
		{7BA19862-C10A-4FAB-8E81-01CC11144D7C}.Release|x64.ActiveCfg = Release|x64
		{7BA19862-C10A-4FAB-8E81-01CC11144D7C}.Release|x64.Build.0 = Release|x64
		{7BA19862-C10A-4FAB-8E81-01CC11144D7C}.Release|x86.ActiveCfg = Release|Win32
		{7BA19862-C10A-4FAB-8E81-01CC11144D7C}.Release|x86.Build.0 = Release|Win32
	EndGlobalSection
	GlobalSection(SolutionProperties) = preSolution
		HideSolutionNode = FALSE
	EndGlobalSection
	GlobalSection(ExtensibilityGlobals) = postSolution
		SolutionGuid = {E64E3593-77B9-4865-9501-052D221770FC}
	EndGlobalSection
EndGlobal
